
Microsoft Visual Studio Solution File, Format Version 11.00
# Visual Studio 2010
Project("{FAE04EC0-301F-11D3-BF4B-00C04F79EFBC}") = "Backbone", "Backbone\Backbone.csproj", "{3B085B18-6715-46EC-B28D-C5C96119A291}"
EndProject
Project("{FAE04EC0-301F-11D3-BF4B-00C04F79EFBC}") = "Cassette", "..\src\Cassette\Cassette.csproj", "{A5CCF9D3-5D49-4BFC-B9A6-9EC9E0E29C50}"
EndProject
Project("{FAE04EC0-301F-11D3-BF4B-00C04F79EFBC}") = "Cassette.Web", "..\src\Cassette.Web\Cassette.Web.csproj", "{733F8032-D649-4E4C-A23E-4A048C33FCAE}"
EndProject
Project("{FAE04EC0-301F-11D3-BF4B-00C04F79EFBC}") = "Cassette.Views", "..\src\Cassette.Views\Cassette.Views.csproj", "{3A021487-A395-4FE6-9B41-336D0F1E6AD0}"
EndProject
Project("{FAE04EC0-301F-11D3-BF4B-00C04F79EFBC}") = "Example", "Example\Example.csproj", "{59E0F994-95A9-4534-83A3-B6DD882B0337}"
EndProject
Project("{2150E333-8FDC-42A3-9474-1A3956D46DE8}") = "lib", "lib", "{E04C3691-CF16-4EC8-99F4-F20226595028}"
EndProject
Project("{FAE04EC0-301F-11D3-BF4B-00C04F79EFBC}") = "Precompiled", "Precompiled\Precompiled.csproj", "{63C09CF7-9FF2-492F-BA42-2677FD557DCD}"
EndProject
Project("{FAE04EC0-301F-11D3-BF4B-00C04F79EFBC}") = "Cassette.MSBuild", "..\src\Cassette.MSBuild\Cassette.MSBuild.csproj", "{F8ED179C-E38B-4EF4-A5E8-52AC1611425E}"
EndProject
Project("{FAE04EC0-301F-11D3-BF4B-00C04F79EFBC}") = "Cassette.Web.Jasmine", "..\src\Cassette.Web.Jasmine\Cassette.Web.Jasmine.csproj", "{EF2E2EF3-5A8F-402D-99FD-C8C60C178F63}"
EndProject
Project("{FAE04EC0-301F-11D3-BF4B-00C04F79EFBC}") = "Jasmine", "Jasmine\Jasmine.csproj", "{F96779A8-FB2F-4751-BCCA-BA7822B5AE9C}"
EndProject
Project("{FAE04EC0-301F-11D3-BF4B-00C04F79EFBC}") = "DotNet35", "DotNet35\DotNet35.csproj", "{1045B892-0775-46F2-8EEB-D38B9ED76FC3}"
EndProject
Project("{2150E333-8FDC-42A3-9474-1A3956D46DE8}") = "doc", "doc", "{7E01BA31-2CFD-4048-A98E-A612E7CE504C}"
	ProjectSection(SolutionItems) = preProject
		README.txt = README.txt
	EndProjectSection
EndProject
Project("{FAE04EC0-301F-11D3-BF4B-00C04F79EFBC}") = "Cassette.Hogan", "..\src\Cassette.Hogan\Cassette.Hogan.csproj", "{4D64EC45-C42A-4601-9E80-2D166AC849F3}"
EndProject
Project("{FAE04EC0-301F-11D3-BF4B-00C04F79EFBC}") = "Cassette.Less", "..\src\Cassette.Less\Cassette.Less.csproj", "{EC1BE4F4-A2A7-4154-9F4D-F75D1B1FD976}"
EndProject
Global
	GlobalSection(SolutionConfigurationPlatforms) = preSolution
		Debug|Any CPU = Debug|Any CPU
		Debug-FX35|Any CPU = Debug-FX35|Any CPU
		Release|Any CPU = Release|Any CPU
		Release-FX35|Any CPU = Release-FX35|Any CPU
	EndGlobalSection
	GlobalSection(ProjectConfigurationPlatforms) = postSolution
		{3B085B18-6715-46EC-B28D-C5C96119A291}.Debug|Any CPU.ActiveCfg = Debug|Any CPU
		{3B085B18-6715-46EC-B28D-C5C96119A291}.Debug|Any CPU.Build.0 = Debug|Any CPU
		{3B085B18-6715-46EC-B28D-C5C96119A291}.Debug-FX35|Any CPU.ActiveCfg = Debug|Any CPU
		{3B085B18-6715-46EC-B28D-C5C96119A291}.Release|Any CPU.ActiveCfg = Release|Any CPU
		{3B085B18-6715-46EC-B28D-C5C96119A291}.Release|Any CPU.Build.0 = Release|Any CPU
		{3B085B18-6715-46EC-B28D-C5C96119A291}.Release-FX35|Any CPU.ActiveCfg = Release|Any CPU
		{3B085B18-6715-46EC-B28D-C5C96119A291}.Release-FX35|Any CPU.Build.0 = Release|Any CPU
		{A5CCF9D3-5D49-4BFC-B9A6-9EC9E0E29C50}.Debug|Any CPU.ActiveCfg = Debug|Any CPU
		{A5CCF9D3-5D49-4BFC-B9A6-9EC9E0E29C50}.Debug|Any CPU.Build.0 = Debug|Any CPU
		{A5CCF9D3-5D49-4BFC-B9A6-9EC9E0E29C50}.Debug-FX35|Any CPU.ActiveCfg = Debug-FX35|Any CPU
		{A5CCF9D3-5D49-4BFC-B9A6-9EC9E0E29C50}.Debug-FX35|Any CPU.Build.0 = Debug-FX35|Any CPU
		{A5CCF9D3-5D49-4BFC-B9A6-9EC9E0E29C50}.Release|Any CPU.ActiveCfg = Release|Any CPU
		{A5CCF9D3-5D49-4BFC-B9A6-9EC9E0E29C50}.Release|Any CPU.Build.0 = Release|Any CPU
		{A5CCF9D3-5D49-4BFC-B9A6-9EC9E0E29C50}.Release-FX35|Any CPU.ActiveCfg = Release-FX35|Any CPU
		{A5CCF9D3-5D49-4BFC-B9A6-9EC9E0E29C50}.Release-FX35|Any CPU.Build.0 = Release-FX35|Any CPU
		{733F8032-D649-4E4C-A23E-4A048C33FCAE}.Debug|Any CPU.ActiveCfg = Debug|Any CPU
		{733F8032-D649-4E4C-A23E-4A048C33FCAE}.Debug|Any CPU.Build.0 = Debug|Any CPU
		{733F8032-D649-4E4C-A23E-4A048C33FCAE}.Debug-FX35|Any CPU.ActiveCfg = Debug-FX35|Any CPU
		{733F8032-D649-4E4C-A23E-4A048C33FCAE}.Debug-FX35|Any CPU.Build.0 = Debug-FX35|Any CPU
		{733F8032-D649-4E4C-A23E-4A048C33FCAE}.Release|Any CPU.ActiveCfg = Release|Any CPU
		{733F8032-D649-4E4C-A23E-4A048C33FCAE}.Release|Any CPU.Build.0 = Release|Any CPU
		{733F8032-D649-4E4C-A23E-4A048C33FCAE}.Release-FX35|Any CPU.ActiveCfg = Release-FX35|Any CPU
		{733F8032-D649-4E4C-A23E-4A048C33FCAE}.Release-FX35|Any CPU.Build.0 = Release-FX35|Any CPU
		{3A021487-A395-4FE6-9B41-336D0F1E6AD0}.Debug|Any CPU.ActiveCfg = Debug|Any CPU
		{3A021487-A395-4FE6-9B41-336D0F1E6AD0}.Debug|Any CPU.Build.0 = Debug|Any CPU
		{3A021487-A395-4FE6-9B41-336D0F1E6AD0}.Debug-FX35|Any CPU.ActiveCfg = Debug-FX35|Any CPU
		{3A021487-A395-4FE6-9B41-336D0F1E6AD0}.Debug-FX35|Any CPU.Build.0 = Debug-FX35|Any CPU
		{3A021487-A395-4FE6-9B41-336D0F1E6AD0}.Release|Any CPU.ActiveCfg = Release|Any CPU
		{3A021487-A395-4FE6-9B41-336D0F1E6AD0}.Release|Any CPU.Build.0 = Release|Any CPU
		{3A021487-A395-4FE6-9B41-336D0F1E6AD0}.Release-FX35|Any CPU.ActiveCfg = Release-FX35|Any CPU
		{3A021487-A395-4FE6-9B41-336D0F1E6AD0}.Release-FX35|Any CPU.Build.0 = Release-FX35|Any CPU
		{59E0F994-95A9-4534-83A3-B6DD882B0337}.Debug|Any CPU.ActiveCfg = Debug|Any CPU
		{59E0F994-95A9-4534-83A3-B6DD882B0337}.Debug|Any CPU.Build.0 = Debug|Any CPU
		{59E0F994-95A9-4534-83A3-B6DD882B0337}.Debug-FX35|Any CPU.ActiveCfg = Debug|Any CPU
		{59E0F994-95A9-4534-83A3-B6DD882B0337}.Release|Any CPU.ActiveCfg = Release|Any CPU
		{59E0F994-95A9-4534-83A3-B6DD882B0337}.Release|Any CPU.Build.0 = Release|Any CPU
		{59E0F994-95A9-4534-83A3-B6DD882B0337}.Release-FX35|Any CPU.ActiveCfg = Release|Any CPU
		{59E0F994-95A9-4534-83A3-B6DD882B0337}.Release-FX35|Any CPU.Build.0 = Release|Any CPU
		{63C09CF7-9FF2-492F-BA42-2677FD557DCD}.Debug|Any CPU.ActiveCfg = Debug|Any CPU
		{63C09CF7-9FF2-492F-BA42-2677FD557DCD}.Debug|Any CPU.Build.0 = Debug|Any CPU
		{63C09CF7-9FF2-492F-BA42-2677FD557DCD}.Debug-FX35|Any CPU.ActiveCfg = Debug|Any CPU
		{63C09CF7-9FF2-492F-BA42-2677FD557DCD}.Release|Any CPU.ActiveCfg = Release|Any CPU
		{63C09CF7-9FF2-492F-BA42-2677FD557DCD}.Release|Any CPU.Build.0 = Release|Any CPU
		{63C09CF7-9FF2-492F-BA42-2677FD557DCD}.Release-FX35|Any CPU.ActiveCfg = Release|Any CPU
		{63C09CF7-9FF2-492F-BA42-2677FD557DCD}.Release-FX35|Any CPU.Build.0 = Release|Any CPU
		{F8ED179C-E38B-4EF4-A5E8-52AC1611425E}.Debug|Any CPU.ActiveCfg = Debug|Any CPU
		{F8ED179C-E38B-4EF4-A5E8-52AC1611425E}.Debug|Any CPU.Build.0 = Debug|Any CPU
		{F8ED179C-E38B-4EF4-A5E8-52AC1611425E}.Debug-FX35|Any CPU.ActiveCfg = Debug-FX35|Any CPU
		{F8ED179C-E38B-4EF4-A5E8-52AC1611425E}.Debug-FX35|Any CPU.Build.0 = Debug-FX35|Any CPU
		{F8ED179C-E38B-4EF4-A5E8-52AC1611425E}.Release|Any CPU.ActiveCfg = Release|Any CPU
		{F8ED179C-E38B-4EF4-A5E8-52AC1611425E}.Release|Any CPU.Build.0 = Release|Any CPU
		{F8ED179C-E38B-4EF4-A5E8-52AC1611425E}.Release-FX35|Any CPU.ActiveCfg = Release-FX35|Any CPU
		{F8ED179C-E38B-4EF4-A5E8-52AC1611425E}.Release-FX35|Any CPU.Build.0 = Release-FX35|Any CPU
		{EF2E2EF3-5A8F-402D-99FD-C8C60C178F63}.Debug|Any CPU.ActiveCfg = Debug|Any CPU
		{EF2E2EF3-5A8F-402D-99FD-C8C60C178F63}.Debug|Any CPU.Build.0 = Debug|Any CPU
		{EF2E2EF3-5A8F-402D-99FD-C8C60C178F63}.Debug-FX35|Any CPU.ActiveCfg = Debug|Any CPU
		{EF2E2EF3-5A8F-402D-99FD-C8C60C178F63}.Release|Any CPU.ActiveCfg = Release|Any CPU
		{EF2E2EF3-5A8F-402D-99FD-C8C60C178F63}.Release|Any CPU.Build.0 = Release|Any CPU
		{EF2E2EF3-5A8F-402D-99FD-C8C60C178F63}.Release-FX35|Any CPU.ActiveCfg = Release|Any CPU
		{EF2E2EF3-5A8F-402D-99FD-C8C60C178F63}.Release-FX35|Any CPU.Build.0 = Release|Any CPU
		{F96779A8-FB2F-4751-BCCA-BA7822B5AE9C}.Debug|Any CPU.ActiveCfg = Debug|Any CPU
		{F96779A8-FB2F-4751-BCCA-BA7822B5AE9C}.Debug|Any CPU.Build.0 = Debug|Any CPU
		{F96779A8-FB2F-4751-BCCA-BA7822B5AE9C}.Debug-FX35|Any CPU.ActiveCfg = Debug|Any CPU
		{F96779A8-FB2F-4751-BCCA-BA7822B5AE9C}.Release|Any CPU.ActiveCfg = Release|Any CPU
		{F96779A8-FB2F-4751-BCCA-BA7822B5AE9C}.Release|Any CPU.Build.0 = Release|Any CPU
		{F96779A8-FB2F-4751-BCCA-BA7822B5AE9C}.Release-FX35|Any CPU.ActiveCfg = Release|Any CPU
		{F96779A8-FB2F-4751-BCCA-BA7822B5AE9C}.Release-FX35|Any CPU.Build.0 = Release|Any CPU
		{1045B892-0775-46F2-8EEB-D38B9ED76FC3}.Debug|Any CPU.ActiveCfg = Debug|Any CPU
		{1045B892-0775-46F2-8EEB-D38B9ED76FC3}.Debug-FX35|Any CPU.ActiveCfg = Debug|Any CPU
		{1045B892-0775-46F2-8EEB-D38B9ED76FC3}.Debug-FX35|Any CPU.Build.0 = Debug|Any CPU
		{1045B892-0775-46F2-8EEB-D38B9ED76FC3}.Release|Any CPU.ActiveCfg = Release|Any CPU
		{1045B892-0775-46F2-8EEB-D38B9ED76FC3}.Release-FX35|Any CPU.ActiveCfg = Release|Any CPU
		{1045B892-0775-46F2-8EEB-D38B9ED76FC3}.Release-FX35|Any CPU.Build.0 = Release|Any CPU
		{4D64EC45-C42A-4601-9E80-2D166AC849F3}.Debug|Any CPU.ActiveCfg = Debug|Any CPU
		{4D64EC45-C42A-4601-9E80-2D166AC849F3}.Debug|Any CPU.Build.0 = Debug|Any CPU
		{4D64EC45-C42A-4601-9E80-2D166AC849F3}.Debug-FX35|Any CPU.ActiveCfg = Debug-FX35|Any CPU
		{4D64EC45-C42A-4601-9E80-2D166AC849F3}.Debug-FX35|Any CPU.Build.0 = Debug-FX35|Any CPU
		{4D64EC45-C42A-4601-9E80-2D166AC849F3}.Release|Any CPU.ActiveCfg = Release|Any CPU
		{4D64EC45-C42A-4601-9E80-2D166AC849F3}.Release|Any CPU.Build.0 = Release|Any CPU
		{4D64EC45-C42A-4601-9E80-2D166AC849F3}.Release-FX35|Any CPU.ActiveCfg = Release-FX35|Any CPU
		{4D64EC45-C42A-4601-9E80-2D166AC849F3}.Release-FX35|Any CPU.Build.0 = Release-FX35|Any CPU
		{EC1BE4F4-A2A7-4154-9F4D-F75D1B1FD976}.Debug|Any CPU.ActiveCfg = Debug|Any CPU
		{EC1BE4F4-A2A7-4154-9F4D-F75D1B1FD976}.Debug|Any CPU.Build.0 = Debug|Any CPU
		{EC1BE4F4-A2A7-4154-9F4D-F75D1B1FD976}.Debug-FX35|Any CPU.ActiveCfg = Debug-FX35|Any CPU
		{EC1BE4F4-A2A7-4154-9F4D-F75D1B1FD976}.Debug-FX35|Any CPU.Build.0 = Debug-FX35|Any CPU
		{EC1BE4F4-A2A7-4154-9F4D-F75D1B1FD976}.Release|Any CPU.ActiveCfg = Release|Any CPU
		{EC1BE4F4-A2A7-4154-9F4D-F75D1B1FD976}.Release|Any CPU.Build.0 = Release|Any CPU
		{EC1BE4F4-A2A7-4154-9F4D-F75D1B1FD976}.Release-FX35|Any CPU.ActiveCfg = Release-FX35|Any CPU
		{EC1BE4F4-A2A7-4154-9F4D-F75D1B1FD976}.Release-FX35|Any CPU.Build.0 = Release-FX35|Any CPU
	EndGlobalSection
	GlobalSection(SolutionProperties) = preSolution
		HideSolutionNode = FALSE
	EndGlobalSection
	GlobalSection(NestedProjects) = preSolution
		{733F8032-D649-4E4C-A23E-4A048C33FCAE} = {E04C3691-CF16-4EC8-99F4-F20226595028}
		{3A021487-A395-4FE6-9B41-336D0F1E6AD0} = {E04C3691-CF16-4EC8-99F4-F20226595028}
		{A5CCF9D3-5D49-4BFC-B9A6-9EC9E0E29C50} = {E04C3691-CF16-4EC8-99F4-F20226595028}
		{F8ED179C-E38B-4EF4-A5E8-52AC1611425E} = {E04C3691-CF16-4EC8-99F4-F20226595028}
		{EF2E2EF3-5A8F-402D-99FD-C8C60C178F63} = {E04C3691-CF16-4EC8-99F4-F20226595028}
		{4D64EC45-C42A-4601-9E80-2D166AC849F3} = {E04C3691-CF16-4EC8-99F4-F20226595028}
		{EC1BE4F4-A2A7-4154-9F4D-F75D1B1FD976} = {E04C3691-CF16-4EC8-99F4-F20226595028}
	EndGlobalSection
EndGlobal
