
Microsoft Visual Studio Solution File, Format Version 11.00
# Visual Studio 2010
Project("{FAE04EC0-301F-11D3-BF4B-00C04F79EFBC}") = "Cassette", "Cassette\Cassette.csproj", "{A5CCF9D3-5D49-4BFC-B9A6-9EC9E0E29C50}"
EndProject
Project("{FAE04EC0-301F-11D3-BF4B-00C04F79EFBC}") = "Cassette.UnitTests", "Cassette.UnitTests\Cassette.UnitTests.csproj", "{F200A67A-D7B5-441B-AB36-69AA5C87577E}"
EndProject
Project("{FAE04EC0-301F-11D3-BF4B-00C04F79EFBC}") = "Cassette.IntegrationTests", "Cassette.IntegrationTests\Cassette.IntegrationTests.csproj", "{5952594E-CED1-4E34-9DA2-5F28453F559E}"
EndProject
Project("{FAE04EC0-301F-11D3-BF4B-00C04F79EFBC}") = "Website", "Website\Website.csproj", "{FAB26B89-C01A-4DAA-B415-B1A5115C50C2}"
EndProject
Project("{2150E333-8FDC-42A3-9474-1A3956D46DE8}") = "Shared", "Shared", "{4F4D43E9-2414-4518-BD63-C4FE5F16A478}"
	ProjectSection(SolutionItems) = preProject
		Cassette.Shared.nuspec = Cassette.Shared.nuspec
		SharedAssemblyInfo.cs = SharedAssemblyInfo.cs
	EndProjectSection
EndProject
Project("{FAE04EC0-301F-11D3-BF4B-00C04F79EFBC}") = "Cassette.Views", "Cassette.Views\Cassette.Views.csproj", "{3A021487-A395-4FE6-9B41-336D0F1E6AD0}"
EndProject
Project("{FAE04EC0-301F-11D3-BF4B-00C04F79EFBC}") = "Cassette.MSBuild", "Cassette.MSBuild\Cassette.MSBuild.csproj", "{F8ED179C-E38B-4EF4-A5E8-52AC1611425E}"
EndProject
Project("{FAE04EC0-301F-11D3-BF4B-00C04F79EFBC}") = "Cassette.Less", "Cassette.Less\Cassette.Less.csproj", "{EC1BE4F4-A2A7-4154-9F4D-F75D1B1FD976}"
EndProject
Project("{FAE04EC0-301F-11D3-BF4B-00C04F79EFBC}") = "Cassette.CoffeeScript", "Cassette.CoffeeScript\Cassette.CoffeeScript.csproj", "{C9A552DA-83EB-4479-BAB6-C40B6091E3D4}"
EndProject
Project("{FAE04EC0-301F-11D3-BF4B-00C04F79EFBC}") = "Cassette.Hogan", "Cassette.Hogan\Cassette.Hogan.csproj", "{4D64EC45-C42A-4601-9E80-2D166AC849F3}"
EndProject
Project("{FAE04EC0-301F-11D3-BF4B-00C04F79EFBC}") = "Cassette.JQueryTmpl", "Cassette.JQueryTmpl\Cassette.JQueryTmpl.csproj", "{5B4D49A1-D849-43E3-8701-9CD56DC533BC}"
EndProject
Project("{FAE04EC0-301F-11D3-BF4B-00C04F79EFBC}") = "Cassette.KnockoutJQueryTmpl", "Cassette.KnockoutJQueryTmpl\Cassette.KnockoutJQueryTmpl.csproj", "{C38D3ED4-367B-42E6-97A3-B8403DB528FF}"
EndProject
Project("{FAE04EC0-301F-11D3-BF4B-00C04F79EFBC}") = "Cassette.Sass", "Cassette.Sass\Cassette.Sass.csproj", "{52B1448C-8165-46B7-B024-A6BF9F60D766}"
EndProject
Project("{FAE04EC0-301F-11D3-BF4B-00C04F79EFBC}") = "Cassette.CoffeeScript.UnitTests", "Cassette.CoffeeScript.UnitTests\Cassette.CoffeeScript.UnitTests.csproj", "{FC7BD8AA-A175-4E25-A8B2-10CCB8F46503}"
EndProject
Project("{FAE04EC0-301F-11D3-BF4B-00C04F79EFBC}") = "Cassette.Less.UnitTests", "Cassette.Less.UnitTests\Cassette.Less.UnitTests.csproj", "{8DEA25D9-66FF-42AD-A1A2-1FE423A2B04B}"
EndProject
Project("{FAE04EC0-301F-11D3-BF4B-00C04F79EFBC}") = "Cassette.Sass.UnitTests", "Cassette.Sass.UnitTests\Cassette.Sass.UnitTests.csproj", "{2CA5DE76-6CEB-4402-948D-9FBD62E22F51}"
EndProject
Project("{FAE04EC0-301F-11D3-BF4B-00C04F79EFBC}") = "Cassette.Hogan.UnitTests", "Cassette.Hogan.UnitTests\Cassette.Hogan.UnitTests.csproj", "{5D451928-B7C4-4BEA-848D-F23A8E3DFAA5}"
EndProject
Project("{2150E333-8FDC-42A3-9474-1A3956D46DE8}") = "Plugins", "Plugins", "{2DEB743A-B285-4B0D-AB7D-FE26109C7989}"
EndProject
Project("{FAE04EC0-301F-11D3-BF4B-00C04F79EFBC}") = "Cassette.Aspnet.Jasmine", "Cassette.Aspnet.Jasmine\Cassette.Aspnet.Jasmine.csproj", "{EF2E2EF3-5A8F-402D-99FD-C8C60C178F63}"
EndProject
Project("{FAE04EC0-301F-11D3-BF4B-00C04F79EFBC}") = "Cassette.Aspnet", "Cassette.Aspnet\Cassette.Aspnet.csproj", "{733F8032-D649-4E4C-A23E-4A048C33FCAE}"
EndProject
Project("{FAE04EC0-301F-11D3-BF4B-00C04F79EFBC}") = "Cassette.Aspnet.UnitTests", "Cassette.Aspnet.UnitTests\Cassette.Aspnet.UnitTests.csproj", "{D465B3ED-0139-4130-91E7-6D479A1CAF64}"
EndProject
Project("{FAE04EC0-301F-11D3-BF4B-00C04F79EFBC}") = "Cassette.Aspnet.Jasmine.UnitTests", "Cassette.Aspnet.Jasmine.UnitTests\Cassette.Aspnet.Jasmine.UnitTests.csproj", "{594B9007-1375-459C-9F08-B6512369842B}"
EndProject
Project("{FAE04EC0-301F-11D3-BF4B-00C04F79EFBC}") = "Cassette.Views.UnitTests", "Cassette.Views.UnitTests\Cassette.Views.UnitTests.csproj", "{BD0F9965-DCC6-416B-AD6A-377F5CAF8216}"
EndProject
Project("{FAE04EC0-301F-11D3-BF4B-00C04F79EFBC}") = "Cassette.MSBuild.UnitTests", "Cassette.MSBuild.UnitTests\Cassette.MSBuild.UnitTests.csproj", "{C93B9E33-D51D-4101-A3E2-911B8F616BE7}"
EndProject
Global
	GlobalSection(SolutionConfigurationPlatforms) = preSolution
		Debug|Any CPU = Debug|Any CPU
		Debug|x86 = Debug|x86
		DebugNET35|Any CPU = DebugNET35|Any CPU
		DebugNET35|x86 = DebugNET35|x86
		DebugNET40|Any CPU = DebugNET40|Any CPU
		DebugNET40|x86 = DebugNET40|x86
		Release|Any CPU = Release|Any CPU
		Release|x86 = Release|x86
		ReleaseNET35|Any CPU = ReleaseNET35|Any CPU
		ReleaseNET35|x86 = ReleaseNET35|x86
		ReleaseNET40|Any CPU = ReleaseNET40|Any CPU
		ReleaseNET40|x86 = ReleaseNET40|x86
	EndGlobalSection
	GlobalSection(ProjectConfigurationPlatforms) = postSolution
		{A5CCF9D3-5D49-4BFC-B9A6-9EC9E0E29C50}.Debug|Any CPU.ActiveCfg = DebugNET35|Any CPU
		{A5CCF9D3-5D49-4BFC-B9A6-9EC9E0E29C50}.Debug|Any CPU.Build.0 = DebugNET35|Any CPU
		{A5CCF9D3-5D49-4BFC-B9A6-9EC9E0E29C50}.Debug|x86.ActiveCfg = DebugNET35|Any CPU
		{A5CCF9D3-5D49-4BFC-B9A6-9EC9E0E29C50}.DebugNET35|Any CPU.ActiveCfg = DebugNET35|Any CPU
		{A5CCF9D3-5D49-4BFC-B9A6-9EC9E0E29C50}.DebugNET35|Any CPU.Build.0 = DebugNET35|Any CPU
		{A5CCF9D3-5D49-4BFC-B9A6-9EC9E0E29C50}.DebugNET35|x86.ActiveCfg = DebugNET40|Any CPU
		{A5CCF9D3-5D49-4BFC-B9A6-9EC9E0E29C50}.DebugNET40|Any CPU.ActiveCfg = DebugNET40|Any CPU
		{A5CCF9D3-5D49-4BFC-B9A6-9EC9E0E29C50}.DebugNET40|Any CPU.Build.0 = DebugNET40|Any CPU
		{A5CCF9D3-5D49-4BFC-B9A6-9EC9E0E29C50}.DebugNET40|x86.ActiveCfg = DebugNET40|Any CPU
		{A5CCF9D3-5D49-4BFC-B9A6-9EC9E0E29C50}.Release|Any CPU.ActiveCfg = ReleaseNET35|Any CPU
		{A5CCF9D3-5D49-4BFC-B9A6-9EC9E0E29C50}.Release|Any CPU.Build.0 = ReleaseNET35|Any CPU
		{A5CCF9D3-5D49-4BFC-B9A6-9EC9E0E29C50}.Release|x86.ActiveCfg = ReleaseNET35|Any CPU
		{A5CCF9D3-5D49-4BFC-B9A6-9EC9E0E29C50}.ReleaseNET35|Any CPU.ActiveCfg = ReleaseNET40|Any CPU
		{A5CCF9D3-5D49-4BFC-B9A6-9EC9E0E29C50}.ReleaseNET35|Any CPU.Build.0 = ReleaseNET40|Any CPU
		{A5CCF9D3-5D49-4BFC-B9A6-9EC9E0E29C50}.ReleaseNET35|x86.ActiveCfg = ReleaseNET40|Any CPU
		{A5CCF9D3-5D49-4BFC-B9A6-9EC9E0E29C50}.ReleaseNET40|Any CPU.ActiveCfg = ReleaseNET40|Any CPU
		{A5CCF9D3-5D49-4BFC-B9A6-9EC9E0E29C50}.ReleaseNET40|Any CPU.Build.0 = ReleaseNET40|Any CPU
		{A5CCF9D3-5D49-4BFC-B9A6-9EC9E0E29C50}.ReleaseNET40|x86.ActiveCfg = ReleaseNET40|Any CPU
		{F200A67A-D7B5-441B-AB36-69AA5C87577E}.Debug|Any CPU.ActiveCfg = DebugNET35|Any CPU
		{F200A67A-D7B5-441B-AB36-69AA5C87577E}.Debug|Any CPU.Build.0 = DebugNET35|Any CPU
		{F200A67A-D7B5-441B-AB36-69AA5C87577E}.Debug|x86.ActiveCfg = DebugNET35|Any CPU
		{F200A67A-D7B5-441B-AB36-69AA5C87577E}.DebugNET35|Any CPU.ActiveCfg = DebugNET35|Any CPU
		{F200A67A-D7B5-441B-AB36-69AA5C87577E}.DebugNET35|Any CPU.Build.0 = DebugNET35|Any CPU
		{F200A67A-D7B5-441B-AB36-69AA5C87577E}.DebugNET35|x86.ActiveCfg = DebugNET40|Any CPU
		{F200A67A-D7B5-441B-AB36-69AA5C87577E}.DebugNET40|Any CPU.ActiveCfg = DebugNET40|Any CPU
		{F200A67A-D7B5-441B-AB36-69AA5C87577E}.DebugNET40|Any CPU.Build.0 = DebugNET40|Any CPU
		{F200A67A-D7B5-441B-AB36-69AA5C87577E}.DebugNET40|x86.ActiveCfg = DebugNET40|Any CPU
		{F200A67A-D7B5-441B-AB36-69AA5C87577E}.Release|Any CPU.ActiveCfg = ReleaseNET35|Any CPU
		{F200A67A-D7B5-441B-AB36-69AA5C87577E}.Release|Any CPU.Build.0 = ReleaseNET35|Any CPU
		{F200A67A-D7B5-441B-AB36-69AA5C87577E}.Release|x86.ActiveCfg = ReleaseNET35|Any CPU
		{F200A67A-D7B5-441B-AB36-69AA5C87577E}.ReleaseNET35|Any CPU.ActiveCfg = ReleaseNET40|Any CPU
		{F200A67A-D7B5-441B-AB36-69AA5C87577E}.ReleaseNET35|Any CPU.Build.0 = ReleaseNET40|Any CPU
		{F200A67A-D7B5-441B-AB36-69AA5C87577E}.ReleaseNET35|x86.ActiveCfg = ReleaseNET40|Any CPU
		{F200A67A-D7B5-441B-AB36-69AA5C87577E}.ReleaseNET40|Any CPU.ActiveCfg = ReleaseNET40|Any CPU
		{F200A67A-D7B5-441B-AB36-69AA5C87577E}.ReleaseNET40|Any CPU.Build.0 = ReleaseNET40|Any CPU
		{F200A67A-D7B5-441B-AB36-69AA5C87577E}.ReleaseNET40|x86.ActiveCfg = ReleaseNET40|Any CPU
		{5952594E-CED1-4E34-9DA2-5F28453F559E}.Debug|Any CPU.ActiveCfg = DebugNET35|Any CPU
		{5952594E-CED1-4E34-9DA2-5F28453F559E}.Debug|Any CPU.Build.0 = DebugNET35|Any CPU
		{5952594E-CED1-4E34-9DA2-5F28453F559E}.Debug|x86.ActiveCfg = DebugNET35|Any CPU
		{5952594E-CED1-4E34-9DA2-5F28453F559E}.DebugNET35|Any CPU.ActiveCfg = DebugNET35|Any CPU
		{5952594E-CED1-4E34-9DA2-5F28453F559E}.DebugNET35|Any CPU.Build.0 = DebugNET35|Any CPU
		{5952594E-CED1-4E34-9DA2-5F28453F559E}.DebugNET35|x86.ActiveCfg = DebugNET40|Any CPU
		{5952594E-CED1-4E34-9DA2-5F28453F559E}.DebugNET40|Any CPU.ActiveCfg = DebugNET40|Any CPU
		{5952594E-CED1-4E34-9DA2-5F28453F559E}.DebugNET40|Any CPU.Build.0 = DebugNET40|Any CPU
		{5952594E-CED1-4E34-9DA2-5F28453F559E}.DebugNET40|x86.ActiveCfg = DebugNET40|Any CPU
		{5952594E-CED1-4E34-9DA2-5F28453F559E}.Release|Any CPU.ActiveCfg = ReleaseNET35|Any CPU
		{5952594E-CED1-4E34-9DA2-5F28453F559E}.Release|Any CPU.Build.0 = ReleaseNET35|Any CPU
		{5952594E-CED1-4E34-9DA2-5F28453F559E}.Release|x86.ActiveCfg = ReleaseNET35|Any CPU
		{5952594E-CED1-4E34-9DA2-5F28453F559E}.ReleaseNET35|Any CPU.ActiveCfg = ReleaseNET40|Any CPU
		{5952594E-CED1-4E34-9DA2-5F28453F559E}.ReleaseNET35|Any CPU.Build.0 = ReleaseNET40|Any CPU
		{5952594E-CED1-4E34-9DA2-5F28453F559E}.ReleaseNET35|x86.ActiveCfg = ReleaseNET40|Any CPU
		{5952594E-CED1-4E34-9DA2-5F28453F559E}.ReleaseNET40|Any CPU.ActiveCfg = ReleaseNET40|Any CPU
		{5952594E-CED1-4E34-9DA2-5F28453F559E}.ReleaseNET40|Any CPU.Build.0 = ReleaseNET40|Any CPU
		{5952594E-CED1-4E34-9DA2-5F28453F559E}.ReleaseNET40|x86.ActiveCfg = ReleaseNET40|Any CPU
		{FAB26B89-C01A-4DAA-B415-B1A5115C50C2}.Debug|Any CPU.ActiveCfg = Debug|Any CPU
		{FAB26B89-C01A-4DAA-B415-B1A5115C50C2}.Debug|Any CPU.Build.0 = Debug|Any CPU
		{FAB26B89-C01A-4DAA-B415-B1A5115C50C2}.Debug|x86.ActiveCfg = Debug|Any CPU
		{FAB26B89-C01A-4DAA-B415-B1A5115C50C2}.DebugNET35|Any CPU.ActiveCfg = Debug|Any CPU
		{FAB26B89-C01A-4DAA-B415-B1A5115C50C2}.DebugNET35|x86.ActiveCfg = Debug|Any CPU
		{FAB26B89-C01A-4DAA-B415-B1A5115C50C2}.DebugNET40|Any CPU.ActiveCfg = Debug|Any CPU
		{FAB26B89-C01A-4DAA-B415-B1A5115C50C2}.DebugNET40|Any CPU.Build.0 = Debug|Any CPU
		{FAB26B89-C01A-4DAA-B415-B1A5115C50C2}.DebugNET40|x86.ActiveCfg = Debug|Any CPU
		{FAB26B89-C01A-4DAA-B415-B1A5115C50C2}.Release|Any CPU.ActiveCfg = Release|Any CPU
		{FAB26B89-C01A-4DAA-B415-B1A5115C50C2}.Release|Any CPU.Build.0 = Release|Any CPU
		{FAB26B89-C01A-4DAA-B415-B1A5115C50C2}.Release|x86.ActiveCfg = Release|Any CPU
		{FAB26B89-C01A-4DAA-B415-B1A5115C50C2}.ReleaseNET35|Any CPU.ActiveCfg = Release|Any CPU
		{FAB26B89-C01A-4DAA-B415-B1A5115C50C2}.ReleaseNET35|Any CPU.Build.0 = Release|Any CPU
		{FAB26B89-C01A-4DAA-B415-B1A5115C50C2}.ReleaseNET35|x86.ActiveCfg = Release|Any CPU
		{FAB26B89-C01A-4DAA-B415-B1A5115C50C2}.ReleaseNET40|Any CPU.ActiveCfg = Release|Any CPU
		{FAB26B89-C01A-4DAA-B415-B1A5115C50C2}.ReleaseNET40|Any CPU.Build.0 = Release|Any CPU
		{FAB26B89-C01A-4DAA-B415-B1A5115C50C2}.ReleaseNET40|x86.ActiveCfg = Release|Any CPU
		{3A021487-A395-4FE6-9B41-336D0F1E6AD0}.Debug|Any CPU.ActiveCfg = DebugNET35|Any CPU
		{3A021487-A395-4FE6-9B41-336D0F1E6AD0}.Debug|Any CPU.Build.0 = DebugNET35|Any CPU
		{3A021487-A395-4FE6-9B41-336D0F1E6AD0}.Debug|x86.ActiveCfg = DebugNET35|Any CPU
		{3A021487-A395-4FE6-9B41-336D0F1E6AD0}.DebugNET35|Any CPU.ActiveCfg = DebugNET35|Any CPU
		{3A021487-A395-4FE6-9B41-336D0F1E6AD0}.DebugNET35|Any CPU.Build.0 = DebugNET35|Any CPU
		{3A021487-A395-4FE6-9B41-336D0F1E6AD0}.DebugNET35|x86.ActiveCfg = DebugNET40|Any CPU
		{3A021487-A395-4FE6-9B41-336D0F1E6AD0}.DebugNET40|Any CPU.ActiveCfg = DebugNET40|Any CPU
		{3A021487-A395-4FE6-9B41-336D0F1E6AD0}.DebugNET40|Any CPU.Build.0 = DebugNET40|Any CPU
		{3A021487-A395-4FE6-9B41-336D0F1E6AD0}.DebugNET40|x86.ActiveCfg = DebugNET40|Any CPU
		{3A021487-A395-4FE6-9B41-336D0F1E6AD0}.Release|Any CPU.ActiveCfg = ReleaseNET35|Any CPU
		{3A021487-A395-4FE6-9B41-336D0F1E6AD0}.Release|Any CPU.Build.0 = ReleaseNET35|Any CPU
		{3A021487-A395-4FE6-9B41-336D0F1E6AD0}.Release|x86.ActiveCfg = ReleaseNET35|Any CPU
		{3A021487-A395-4FE6-9B41-336D0F1E6AD0}.ReleaseNET35|Any CPU.ActiveCfg = ReleaseNET40|Any CPU
		{3A021487-A395-4FE6-9B41-336D0F1E6AD0}.ReleaseNET35|Any CPU.Build.0 = ReleaseNET40|Any CPU
		{3A021487-A395-4FE6-9B41-336D0F1E6AD0}.ReleaseNET35|x86.ActiveCfg = ReleaseNET40|Any CPU
		{3A021487-A395-4FE6-9B41-336D0F1E6AD0}.ReleaseNET40|Any CPU.ActiveCfg = ReleaseNET40|Any CPU
		{3A021487-A395-4FE6-9B41-336D0F1E6AD0}.ReleaseNET40|Any CPU.Build.0 = ReleaseNET40|Any CPU
		{3A021487-A395-4FE6-9B41-336D0F1E6AD0}.ReleaseNET40|x86.ActiveCfg = ReleaseNET40|Any CPU
		{F8ED179C-E38B-4EF4-A5E8-52AC1611425E}.Debug|Any CPU.ActiveCfg = DebugNET35|Any CPU
		{F8ED179C-E38B-4EF4-A5E8-52AC1611425E}.Debug|Any CPU.Build.0 = DebugNET35|Any CPU
		{F8ED179C-E38B-4EF4-A5E8-52AC1611425E}.Debug|x86.ActiveCfg = DebugNET35|Any CPU
		{F8ED179C-E38B-4EF4-A5E8-52AC1611425E}.DebugNET35|Any CPU.ActiveCfg = DebugNET35|Any CPU
		{F8ED179C-E38B-4EF4-A5E8-52AC1611425E}.DebugNET35|Any CPU.Build.0 = DebugNET35|Any CPU
		{F8ED179C-E38B-4EF4-A5E8-52AC1611425E}.DebugNET35|x86.ActiveCfg = DebugNET40|Any CPU
		{F8ED179C-E38B-4EF4-A5E8-52AC1611425E}.DebugNET40|Any CPU.ActiveCfg = DebugNET40|Any CPU
		{F8ED179C-E38B-4EF4-A5E8-52AC1611425E}.DebugNET40|Any CPU.Build.0 = DebugNET40|Any CPU
		{F8ED179C-E38B-4EF4-A5E8-52AC1611425E}.DebugNET40|x86.ActiveCfg = DebugNET40|Any CPU
		{F8ED179C-E38B-4EF4-A5E8-52AC1611425E}.Release|Any CPU.ActiveCfg = ReleaseNET35|Any CPU
		{F8ED179C-E38B-4EF4-A5E8-52AC1611425E}.Release|Any CPU.Build.0 = ReleaseNET35|Any CPU
		{F8ED179C-E38B-4EF4-A5E8-52AC1611425E}.Release|x86.ActiveCfg = ReleaseNET35|Any CPU
		{F8ED179C-E38B-4EF4-A5E8-52AC1611425E}.ReleaseNET35|Any CPU.ActiveCfg = ReleaseNET40|Any CPU
		{F8ED179C-E38B-4EF4-A5E8-52AC1611425E}.ReleaseNET35|Any CPU.Build.0 = ReleaseNET40|Any CPU
		{F8ED179C-E38B-4EF4-A5E8-52AC1611425E}.ReleaseNET35|x86.ActiveCfg = ReleaseNET40|Any CPU
		{F8ED179C-E38B-4EF4-A5E8-52AC1611425E}.ReleaseNET40|Any CPU.ActiveCfg = ReleaseNET40|Any CPU
		{F8ED179C-E38B-4EF4-A5E8-52AC1611425E}.ReleaseNET40|Any CPU.Build.0 = ReleaseNET40|Any CPU
		{F8ED179C-E38B-4EF4-A5E8-52AC1611425E}.ReleaseNET40|x86.ActiveCfg = ReleaseNET40|Any CPU
		{EC1BE4F4-A2A7-4154-9F4D-F75D1B1FD976}.Debug|Any CPU.ActiveCfg = DebugNET35|Any CPU
		{EC1BE4F4-A2A7-4154-9F4D-F75D1B1FD976}.Debug|Any CPU.Build.0 = DebugNET35|Any CPU
		{EC1BE4F4-A2A7-4154-9F4D-F75D1B1FD976}.Debug|x86.ActiveCfg = DebugNET35|Any CPU
		{EC1BE4F4-A2A7-4154-9F4D-F75D1B1FD976}.DebugNET35|Any CPU.ActiveCfg = DebugNET35|Any CPU
		{EC1BE4F4-A2A7-4154-9F4D-F75D1B1FD976}.DebugNET35|Any CPU.Build.0 = DebugNET35|Any CPU
		{EC1BE4F4-A2A7-4154-9F4D-F75D1B1FD976}.DebugNET35|x86.ActiveCfg = DebugNET40|Any CPU
		{EC1BE4F4-A2A7-4154-9F4D-F75D1B1FD976}.DebugNET40|Any CPU.ActiveCfg = DebugNET40|Any CPU
		{EC1BE4F4-A2A7-4154-9F4D-F75D1B1FD976}.DebugNET40|Any CPU.Build.0 = DebugNET40|Any CPU
		{EC1BE4F4-A2A7-4154-9F4D-F75D1B1FD976}.DebugNET40|x86.ActiveCfg = DebugNET40|Any CPU
		{EC1BE4F4-A2A7-4154-9F4D-F75D1B1FD976}.Release|Any CPU.ActiveCfg = ReleaseNET35|Any CPU
		{EC1BE4F4-A2A7-4154-9F4D-F75D1B1FD976}.Release|Any CPU.Build.0 = ReleaseNET35|Any CPU
		{EC1BE4F4-A2A7-4154-9F4D-F75D1B1FD976}.Release|x86.ActiveCfg = ReleaseNET35|Any CPU
		{EC1BE4F4-A2A7-4154-9F4D-F75D1B1FD976}.ReleaseNET35|Any CPU.ActiveCfg = ReleaseNET40|Any CPU
		{EC1BE4F4-A2A7-4154-9F4D-F75D1B1FD976}.ReleaseNET35|Any CPU.Build.0 = ReleaseNET40|Any CPU
		{EC1BE4F4-A2A7-4154-9F4D-F75D1B1FD976}.ReleaseNET35|x86.ActiveCfg = ReleaseNET40|Any CPU
		{EC1BE4F4-A2A7-4154-9F4D-F75D1B1FD976}.ReleaseNET40|Any CPU.ActiveCfg = ReleaseNET40|Any CPU
		{EC1BE4F4-A2A7-4154-9F4D-F75D1B1FD976}.ReleaseNET40|Any CPU.Build.0 = ReleaseNET40|Any CPU
		{EC1BE4F4-A2A7-4154-9F4D-F75D1B1FD976}.ReleaseNET40|x86.ActiveCfg = ReleaseNET40|Any CPU
		{C9A552DA-83EB-4479-BAB6-C40B6091E3D4}.Debug|Any CPU.ActiveCfg = DebugNET35|Any CPU
		{C9A552DA-83EB-4479-BAB6-C40B6091E3D4}.Debug|Any CPU.Build.0 = DebugNET35|Any CPU
		{C9A552DA-83EB-4479-BAB6-C40B6091E3D4}.Debug|x86.ActiveCfg = DebugNET35|Any CPU
		{C9A552DA-83EB-4479-BAB6-C40B6091E3D4}.DebugNET35|Any CPU.ActiveCfg = DebugNET35|Any CPU
		{C9A552DA-83EB-4479-BAB6-C40B6091E3D4}.DebugNET35|Any CPU.Build.0 = DebugNET35|Any CPU
		{C9A552DA-83EB-4479-BAB6-C40B6091E3D4}.DebugNET35|x86.ActiveCfg = DebugNET40|Any CPU
		{C9A552DA-83EB-4479-BAB6-C40B6091E3D4}.DebugNET40|Any CPU.ActiveCfg = DebugNET40|Any CPU
		{C9A552DA-83EB-4479-BAB6-C40B6091E3D4}.DebugNET40|Any CPU.Build.0 = DebugNET40|Any CPU
		{C9A552DA-83EB-4479-BAB6-C40B6091E3D4}.DebugNET40|x86.ActiveCfg = DebugNET40|Any CPU
		{C9A552DA-83EB-4479-BAB6-C40B6091E3D4}.Release|Any CPU.ActiveCfg = ReleaseNET35|Any CPU
		{C9A552DA-83EB-4479-BAB6-C40B6091E3D4}.Release|Any CPU.Build.0 = ReleaseNET35|Any CPU
		{C9A552DA-83EB-4479-BAB6-C40B6091E3D4}.Release|x86.ActiveCfg = ReleaseNET35|Any CPU
		{C9A552DA-83EB-4479-BAB6-C40B6091E3D4}.ReleaseNET35|Any CPU.ActiveCfg = ReleaseNET40|Any CPU
		{C9A552DA-83EB-4479-BAB6-C40B6091E3D4}.ReleaseNET35|Any CPU.Build.0 = ReleaseNET40|Any CPU
		{C9A552DA-83EB-4479-BAB6-C40B6091E3D4}.ReleaseNET35|x86.ActiveCfg = ReleaseNET40|Any CPU
		{C9A552DA-83EB-4479-BAB6-C40B6091E3D4}.ReleaseNET40|Any CPU.ActiveCfg = ReleaseNET40|Any CPU
		{C9A552DA-83EB-4479-BAB6-C40B6091E3D4}.ReleaseNET40|Any CPU.Build.0 = ReleaseNET40|Any CPU
		{C9A552DA-83EB-4479-BAB6-C40B6091E3D4}.ReleaseNET40|x86.ActiveCfg = ReleaseNET40|Any CPU
		{4D64EC45-C42A-4601-9E80-2D166AC849F3}.Debug|Any CPU.ActiveCfg = DebugNET35|Any CPU
		{4D64EC45-C42A-4601-9E80-2D166AC849F3}.Debug|Any CPU.Build.0 = DebugNET35|Any CPU
		{4D64EC45-C42A-4601-9E80-2D166AC849F3}.Debug|x86.ActiveCfg = DebugNET35|Any CPU
		{4D64EC45-C42A-4601-9E80-2D166AC849F3}.DebugNET35|Any CPU.ActiveCfg = DebugNET35|Any CPU
		{4D64EC45-C42A-4601-9E80-2D166AC849F3}.DebugNET35|Any CPU.Build.0 = DebugNET35|Any CPU
		{4D64EC45-C42A-4601-9E80-2D166AC849F3}.DebugNET35|x86.ActiveCfg = DebugNET40|Any CPU
		{4D64EC45-C42A-4601-9E80-2D166AC849F3}.DebugNET40|Any CPU.ActiveCfg = DebugNET40|Any CPU
		{4D64EC45-C42A-4601-9E80-2D166AC849F3}.DebugNET40|Any CPU.Build.0 = DebugNET40|Any CPU
		{4D64EC45-C42A-4601-9E80-2D166AC849F3}.DebugNET40|x86.ActiveCfg = DebugNET40|Any CPU
		{4D64EC45-C42A-4601-9E80-2D166AC849F3}.Release|Any CPU.ActiveCfg = ReleaseNET35|Any CPU
		{4D64EC45-C42A-4601-9E80-2D166AC849F3}.Release|Any CPU.Build.0 = ReleaseNET35|Any CPU
		{4D64EC45-C42A-4601-9E80-2D166AC849F3}.Release|x86.ActiveCfg = ReleaseNET35|Any CPU
		{4D64EC45-C42A-4601-9E80-2D166AC849F3}.ReleaseNET35|Any CPU.ActiveCfg = ReleaseNET40|Any CPU
		{4D64EC45-C42A-4601-9E80-2D166AC849F3}.ReleaseNET35|Any CPU.Build.0 = ReleaseNET40|Any CPU
		{4D64EC45-C42A-4601-9E80-2D166AC849F3}.ReleaseNET35|x86.ActiveCfg = ReleaseNET40|Any CPU
		{4D64EC45-C42A-4601-9E80-2D166AC849F3}.ReleaseNET40|Any CPU.ActiveCfg = ReleaseNET40|Any CPU
		{4D64EC45-C42A-4601-9E80-2D166AC849F3}.ReleaseNET40|Any CPU.Build.0 = ReleaseNET40|Any CPU
		{4D64EC45-C42A-4601-9E80-2D166AC849F3}.ReleaseNET40|x86.ActiveCfg = ReleaseNET40|Any CPU
		{5B4D49A1-D849-43E3-8701-9CD56DC533BC}.Debug|Any CPU.ActiveCfg = DebugNET35|Any CPU
		{5B4D49A1-D849-43E3-8701-9CD56DC533BC}.Debug|Any CPU.Build.0 = DebugNET35|Any CPU
		{5B4D49A1-D849-43E3-8701-9CD56DC533BC}.Debug|x86.ActiveCfg = DebugNET35|Any CPU
		{5B4D49A1-D849-43E3-8701-9CD56DC533BC}.DebugNET35|Any CPU.ActiveCfg = DebugNET35|Any CPU
		{5B4D49A1-D849-43E3-8701-9CD56DC533BC}.DebugNET35|Any CPU.Build.0 = DebugNET35|Any CPU
		{5B4D49A1-D849-43E3-8701-9CD56DC533BC}.DebugNET35|x86.ActiveCfg = DebugNET40|Any CPU
		{5B4D49A1-D849-43E3-8701-9CD56DC533BC}.DebugNET40|Any CPU.ActiveCfg = DebugNET40|Any CPU
		{5B4D49A1-D849-43E3-8701-9CD56DC533BC}.DebugNET40|Any CPU.Build.0 = DebugNET40|Any CPU
		{5B4D49A1-D849-43E3-8701-9CD56DC533BC}.DebugNET40|x86.ActiveCfg = DebugNET40|Any CPU
		{5B4D49A1-D849-43E3-8701-9CD56DC533BC}.Release|Any CPU.ActiveCfg = ReleaseNET35|Any CPU
		{5B4D49A1-D849-43E3-8701-9CD56DC533BC}.Release|Any CPU.Build.0 = ReleaseNET35|Any CPU
		{5B4D49A1-D849-43E3-8701-9CD56DC533BC}.Release|x86.ActiveCfg = ReleaseNET35|Any CPU
		{5B4D49A1-D849-43E3-8701-9CD56DC533BC}.ReleaseNET35|Any CPU.ActiveCfg = ReleaseNET40|Any CPU
		{5B4D49A1-D849-43E3-8701-9CD56DC533BC}.ReleaseNET35|Any CPU.Build.0 = ReleaseNET40|Any CPU
		{5B4D49A1-D849-43E3-8701-9CD56DC533BC}.ReleaseNET35|x86.ActiveCfg = ReleaseNET40|Any CPU
		{5B4D49A1-D849-43E3-8701-9CD56DC533BC}.ReleaseNET40|Any CPU.ActiveCfg = ReleaseNET40|Any CPU
		{5B4D49A1-D849-43E3-8701-9CD56DC533BC}.ReleaseNET40|Any CPU.Build.0 = ReleaseNET40|Any CPU
		{5B4D49A1-D849-43E3-8701-9CD56DC533BC}.ReleaseNET40|x86.ActiveCfg = ReleaseNET40|Any CPU
		{C38D3ED4-367B-42E6-97A3-B8403DB528FF}.Debug|Any CPU.ActiveCfg = DebugNET35|Any CPU
		{C38D3ED4-367B-42E6-97A3-B8403DB528FF}.Debug|Any CPU.Build.0 = DebugNET35|Any CPU
		{C38D3ED4-367B-42E6-97A3-B8403DB528FF}.Debug|x86.ActiveCfg = DebugNET35|Any CPU
		{C38D3ED4-367B-42E6-97A3-B8403DB528FF}.DebugNET35|Any CPU.ActiveCfg = DebugNET35|Any CPU
		{C38D3ED4-367B-42E6-97A3-B8403DB528FF}.DebugNET35|Any CPU.Build.0 = DebugNET35|Any CPU
		{C38D3ED4-367B-42E6-97A3-B8403DB528FF}.DebugNET35|x86.ActiveCfg = DebugNET40|Any CPU
		{C38D3ED4-367B-42E6-97A3-B8403DB528FF}.DebugNET40|Any CPU.ActiveCfg = DebugNET40|Any CPU
		{C38D3ED4-367B-42E6-97A3-B8403DB528FF}.DebugNET40|Any CPU.Build.0 = DebugNET40|Any CPU
		{C38D3ED4-367B-42E6-97A3-B8403DB528FF}.DebugNET40|x86.ActiveCfg = DebugNET40|Any CPU
		{C38D3ED4-367B-42E6-97A3-B8403DB528FF}.Release|Any CPU.ActiveCfg = ReleaseNET35|Any CPU
		{C38D3ED4-367B-42E6-97A3-B8403DB528FF}.Release|Any CPU.Build.0 = ReleaseNET35|Any CPU
		{C38D3ED4-367B-42E6-97A3-B8403DB528FF}.Release|x86.ActiveCfg = ReleaseNET35|Any CPU
		{C38D3ED4-367B-42E6-97A3-B8403DB528FF}.ReleaseNET35|Any CPU.ActiveCfg = ReleaseNET40|Any CPU
		{C38D3ED4-367B-42E6-97A3-B8403DB528FF}.ReleaseNET35|Any CPU.Build.0 = ReleaseNET40|Any CPU
		{C38D3ED4-367B-42E6-97A3-B8403DB528FF}.ReleaseNET35|x86.ActiveCfg = ReleaseNET40|Any CPU
		{C38D3ED4-367B-42E6-97A3-B8403DB528FF}.ReleaseNET40|Any CPU.ActiveCfg = ReleaseNET40|Any CPU
		{C38D3ED4-367B-42E6-97A3-B8403DB528FF}.ReleaseNET40|Any CPU.Build.0 = ReleaseNET40|Any CPU
		{C38D3ED4-367B-42E6-97A3-B8403DB528FF}.ReleaseNET40|x86.ActiveCfg = ReleaseNET40|Any CPU
		{52B1448C-8165-46B7-B024-A6BF9F60D766}.Debug|Any CPU.ActiveCfg = DebugNET40|Any CPU
		{52B1448C-8165-46B7-B024-A6BF9F60D766}.Debug|Any CPU.Build.0 = DebugNET40|Any CPU
		{52B1448C-8165-46B7-B024-A6BF9F60D766}.Debug|x86.ActiveCfg = DebugNET40|Any CPU
		{52B1448C-8165-46B7-B024-A6BF9F60D766}.DebugNET35|Any CPU.ActiveCfg = DebugNET40|Any CPU
		{52B1448C-8165-46B7-B024-A6BF9F60D766}.DebugNET35|x86.ActiveCfg = DebugNET40|Any CPU
		{52B1448C-8165-46B7-B024-A6BF9F60D766}.DebugNET40|Any CPU.ActiveCfg = DebugNET40|Any CPU
		{52B1448C-8165-46B7-B024-A6BF9F60D766}.DebugNET40|Any CPU.Build.0 = DebugNET40|Any CPU
		{52B1448C-8165-46B7-B024-A6BF9F60D766}.DebugNET40|x86.ActiveCfg = DebugNET40|Any CPU
		{52B1448C-8165-46B7-B024-A6BF9F60D766}.Release|Any CPU.ActiveCfg = ReleaseNET40|Any CPU
		{52B1448C-8165-46B7-B024-A6BF9F60D766}.Release|Any CPU.Build.0 = ReleaseNET40|Any CPU
		{52B1448C-8165-46B7-B024-A6BF9F60D766}.Release|x86.ActiveCfg = ReleaseNET40|Any CPU
		{52B1448C-8165-46B7-B024-A6BF9F60D766}.ReleaseNET35|Any CPU.ActiveCfg = ReleaseNET40|Any CPU
		{52B1448C-8165-46B7-B024-A6BF9F60D766}.ReleaseNET35|x86.ActiveCfg = ReleaseNET40|Any CPU
		{52B1448C-8165-46B7-B024-A6BF9F60D766}.ReleaseNET40|Any CPU.ActiveCfg = ReleaseNET40|Any CPU
		{52B1448C-8165-46B7-B024-A6BF9F60D766}.ReleaseNET40|Any CPU.Build.0 = ReleaseNET40|Any CPU
		{52B1448C-8165-46B7-B024-A6BF9F60D766}.ReleaseNET40|x86.ActiveCfg = ReleaseNET40|Any CPU
		{FC7BD8AA-A175-4E25-A8B2-10CCB8F46503}.Debug|Any CPU.ActiveCfg = DebugNET35|Any CPU
		{FC7BD8AA-A175-4E25-A8B2-10CCB8F46503}.Debug|Any CPU.Build.0 = DebugNET35|Any CPU
		{FC7BD8AA-A175-4E25-A8B2-10CCB8F46503}.Debug|x86.ActiveCfg = DebugNET35|Any CPU
		{FC7BD8AA-A175-4E25-A8B2-10CCB8F46503}.DebugNET35|Any CPU.ActiveCfg = DebugNET35|Any CPU
		{FC7BD8AA-A175-4E25-A8B2-10CCB8F46503}.DebugNET35|Any CPU.Build.0 = DebugNET35|Any CPU
		{FC7BD8AA-A175-4E25-A8B2-10CCB8F46503}.DebugNET35|x86.ActiveCfg = DebugNET40|Any CPU
		{FC7BD8AA-A175-4E25-A8B2-10CCB8F46503}.DebugNET40|Any CPU.ActiveCfg = DebugNET40|Any CPU
		{FC7BD8AA-A175-4E25-A8B2-10CCB8F46503}.DebugNET40|Any CPU.Build.0 = DebugNET40|Any CPU
		{FC7BD8AA-A175-4E25-A8B2-10CCB8F46503}.DebugNET40|x86.ActiveCfg = DebugNET40|Any CPU
		{FC7BD8AA-A175-4E25-A8B2-10CCB8F46503}.Release|Any CPU.ActiveCfg = ReleaseNET35|Any CPU
		{FC7BD8AA-A175-4E25-A8B2-10CCB8F46503}.Release|Any CPU.Build.0 = ReleaseNET35|Any CPU
		{FC7BD8AA-A175-4E25-A8B2-10CCB8F46503}.Release|x86.ActiveCfg = ReleaseNET35|Any CPU
		{FC7BD8AA-A175-4E25-A8B2-10CCB8F46503}.ReleaseNET35|Any CPU.ActiveCfg = ReleaseNET40|Any CPU
		{FC7BD8AA-A175-4E25-A8B2-10CCB8F46503}.ReleaseNET35|Any CPU.Build.0 = ReleaseNET40|Any CPU
		{FC7BD8AA-A175-4E25-A8B2-10CCB8F46503}.ReleaseNET35|x86.ActiveCfg = ReleaseNET40|Any CPU
		{FC7BD8AA-A175-4E25-A8B2-10CCB8F46503}.ReleaseNET40|Any CPU.ActiveCfg = ReleaseNET40|Any CPU
		{FC7BD8AA-A175-4E25-A8B2-10CCB8F46503}.ReleaseNET40|Any CPU.Build.0 = ReleaseNET40|Any CPU
		{FC7BD8AA-A175-4E25-A8B2-10CCB8F46503}.ReleaseNET40|x86.ActiveCfg = ReleaseNET40|Any CPU
		{8DEA25D9-66FF-42AD-A1A2-1FE423A2B04B}.Debug|Any CPU.ActiveCfg = DebugNET35|Any CPU
		{8DEA25D9-66FF-42AD-A1A2-1FE423A2B04B}.Debug|Any CPU.Build.0 = DebugNET35|Any CPU
		{8DEA25D9-66FF-42AD-A1A2-1FE423A2B04B}.Debug|x86.ActiveCfg = DebugNET35|Any CPU
		{8DEA25D9-66FF-42AD-A1A2-1FE423A2B04B}.DebugNET35|Any CPU.ActiveCfg = DebugNET35|Any CPU
		{8DEA25D9-66FF-42AD-A1A2-1FE423A2B04B}.DebugNET35|Any CPU.Build.0 = DebugNET35|Any CPU
		{8DEA25D9-66FF-42AD-A1A2-1FE423A2B04B}.DebugNET35|x86.ActiveCfg = DebugNET40|Any CPU
		{8DEA25D9-66FF-42AD-A1A2-1FE423A2B04B}.DebugNET40|Any CPU.ActiveCfg = DebugNET40|Any CPU
		{8DEA25D9-66FF-42AD-A1A2-1FE423A2B04B}.DebugNET40|Any CPU.Build.0 = DebugNET40|Any CPU
		{8DEA25D9-66FF-42AD-A1A2-1FE423A2B04B}.DebugNET40|x86.ActiveCfg = DebugNET40|Any CPU
		{8DEA25D9-66FF-42AD-A1A2-1FE423A2B04B}.Release|Any CPU.ActiveCfg = ReleaseNET35|Any CPU
		{8DEA25D9-66FF-42AD-A1A2-1FE423A2B04B}.Release|Any CPU.Build.0 = ReleaseNET35|Any CPU
		{8DEA25D9-66FF-42AD-A1A2-1FE423A2B04B}.Release|x86.ActiveCfg = ReleaseNET35|Any CPU
		{8DEA25D9-66FF-42AD-A1A2-1FE423A2B04B}.ReleaseNET35|Any CPU.ActiveCfg = ReleaseNET40|Any CPU
		{8DEA25D9-66FF-42AD-A1A2-1FE423A2B04B}.ReleaseNET35|Any CPU.Build.0 = ReleaseNET40|Any CPU
		{8DEA25D9-66FF-42AD-A1A2-1FE423A2B04B}.ReleaseNET35|x86.ActiveCfg = ReleaseNET40|Any CPU
		{8DEA25D9-66FF-42AD-A1A2-1FE423A2B04B}.ReleaseNET40|Any CPU.ActiveCfg = ReleaseNET40|Any CPU
		{8DEA25D9-66FF-42AD-A1A2-1FE423A2B04B}.ReleaseNET40|Any CPU.Build.0 = ReleaseNET40|Any CPU
		{8DEA25D9-66FF-42AD-A1A2-1FE423A2B04B}.ReleaseNET40|x86.ActiveCfg = ReleaseNET40|Any CPU
		{2CA5DE76-6CEB-4402-948D-9FBD62E22F51}.Debug|Any CPU.ActiveCfg = Debug-FX35|Any CPU
		{2CA5DE76-6CEB-4402-948D-9FBD62E22F51}.Debug|Any CPU.Build.0 = Debug-FX35|Any CPU
		{2CA5DE76-6CEB-4402-948D-9FBD62E22F51}.Debug|x86.ActiveCfg = Debug-FX35|Any CPU
		{2CA5DE76-6CEB-4402-948D-9FBD62E22F51}.DebugNET35|Any CPU.ActiveCfg = DebugNET40|Any CPU
		{2CA5DE76-6CEB-4402-948D-9FBD62E22F51}.DebugNET35|x86.ActiveCfg = DebugNET40|Any CPU
		{2CA5DE76-6CEB-4402-948D-9FBD62E22F51}.DebugNET40|Any CPU.ActiveCfg = DebugNET40|Any CPU
		{2CA5DE76-6CEB-4402-948D-9FBD62E22F51}.DebugNET40|Any CPU.Build.0 = DebugNET40|Any CPU
		{2CA5DE76-6CEB-4402-948D-9FBD62E22F51}.DebugNET40|x86.ActiveCfg = DebugNET40|Any CPU
		{2CA5DE76-6CEB-4402-948D-9FBD62E22F51}.Release|Any CPU.ActiveCfg = Release-FX35|Any CPU
		{2CA5DE76-6CEB-4402-948D-9FBD62E22F51}.Release|Any CPU.Build.0 = Release-FX35|Any CPU
		{2CA5DE76-6CEB-4402-948D-9FBD62E22F51}.Release|x86.ActiveCfg = Release-FX35|Any CPU
		{2CA5DE76-6CEB-4402-948D-9FBD62E22F51}.ReleaseNET35|Any CPU.ActiveCfg = ReleaseNET40|Any CPU
		{2CA5DE76-6CEB-4402-948D-9FBD62E22F51}.ReleaseNET35|x86.ActiveCfg = ReleaseNET40|Any CPU
		{2CA5DE76-6CEB-4402-948D-9FBD62E22F51}.ReleaseNET40|Any CPU.ActiveCfg = ReleaseNET40|Any CPU
		{2CA5DE76-6CEB-4402-948D-9FBD62E22F51}.ReleaseNET40|Any CPU.Build.0 = ReleaseNET40|Any CPU
		{2CA5DE76-6CEB-4402-948D-9FBD62E22F51}.ReleaseNET40|x86.ActiveCfg = ReleaseNET40|Any CPU
		{5D451928-B7C4-4BEA-848D-F23A8E3DFAA5}.Debug|Any CPU.ActiveCfg = DebugNET35|Any CPU
		{5D451928-B7C4-4BEA-848D-F23A8E3DFAA5}.Debug|Any CPU.Build.0 = DebugNET35|Any CPU
		{5D451928-B7C4-4BEA-848D-F23A8E3DFAA5}.Debug|x86.ActiveCfg = DebugNET35|Any CPU
		{5D451928-B7C4-4BEA-848D-F23A8E3DFAA5}.DebugNET35|Any CPU.ActiveCfg = DebugNET35|Any CPU
		{5D451928-B7C4-4BEA-848D-F23A8E3DFAA5}.DebugNET35|Any CPU.Build.0 = DebugNET35|Any CPU
		{5D451928-B7C4-4BEA-848D-F23A8E3DFAA5}.DebugNET35|x86.ActiveCfg = DebugNET40|Any CPU
		{5D451928-B7C4-4BEA-848D-F23A8E3DFAA5}.DebugNET40|Any CPU.ActiveCfg = DebugNET40|Any CPU
		{5D451928-B7C4-4BEA-848D-F23A8E3DFAA5}.DebugNET40|Any CPU.Build.0 = DebugNET40|Any CPU
		{5D451928-B7C4-4BEA-848D-F23A8E3DFAA5}.DebugNET40|x86.ActiveCfg = DebugNET40|Any CPU
		{5D451928-B7C4-4BEA-848D-F23A8E3DFAA5}.Release|Any CPU.ActiveCfg = ReleaseNET35|Any CPU
		{5D451928-B7C4-4BEA-848D-F23A8E3DFAA5}.Release|Any CPU.Build.0 = ReleaseNET35|Any CPU
		{5D451928-B7C4-4BEA-848D-F23A8E3DFAA5}.Release|x86.ActiveCfg = ReleaseNET35|Any CPU
		{5D451928-B7C4-4BEA-848D-F23A8E3DFAA5}.ReleaseNET35|Any CPU.ActiveCfg = ReleaseNET40|Any CPU
		{5D451928-B7C4-4BEA-848D-F23A8E3DFAA5}.ReleaseNET35|Any CPU.Build.0 = ReleaseNET40|Any CPU
		{5D451928-B7C4-4BEA-848D-F23A8E3DFAA5}.ReleaseNET35|x86.ActiveCfg = ReleaseNET40|Any CPU
		{5D451928-B7C4-4BEA-848D-F23A8E3DFAA5}.ReleaseNET40|Any CPU.ActiveCfg = ReleaseNET40|Any CPU
		{5D451928-B7C4-4BEA-848D-F23A8E3DFAA5}.ReleaseNET40|Any CPU.Build.0 = ReleaseNET40|Any CPU
		{5D451928-B7C4-4BEA-848D-F23A8E3DFAA5}.ReleaseNET40|x86.ActiveCfg = ReleaseNET40|Any CPU
		{EF2E2EF3-5A8F-402D-99FD-C8C60C178F63}.Debug|Any CPU.ActiveCfg = DebugNET35|Any CPU
		{EF2E2EF3-5A8F-402D-99FD-C8C60C178F63}.Debug|Any CPU.Build.0 = DebugNET35|Any CPU
		{EF2E2EF3-5A8F-402D-99FD-C8C60C178F63}.Debug|x86.ActiveCfg = DebugNET35|Any CPU
		{EF2E2EF3-5A8F-402D-99FD-C8C60C178F63}.DebugNET35|Any CPU.ActiveCfg = DebugNET35|Any CPU
		{EF2E2EF3-5A8F-402D-99FD-C8C60C178F63}.DebugNET35|Any CPU.Build.0 = DebugNET35|Any CPU
		{EF2E2EF3-5A8F-402D-99FD-C8C60C178F63}.DebugNET35|x86.ActiveCfg = DebugNET40|Any CPU
		{EF2E2EF3-5A8F-402D-99FD-C8C60C178F63}.DebugNET40|Any CPU.ActiveCfg = DebugNET40|Any CPU
		{EF2E2EF3-5A8F-402D-99FD-C8C60C178F63}.DebugNET40|Any CPU.Build.0 = DebugNET40|Any CPU
		{EF2E2EF3-5A8F-402D-99FD-C8C60C178F63}.DebugNET40|x86.ActiveCfg = DebugNET40|Any CPU
		{EF2E2EF3-5A8F-402D-99FD-C8C60C178F63}.Release|Any CPU.ActiveCfg = ReleaseNET35|Any CPU
		{EF2E2EF3-5A8F-402D-99FD-C8C60C178F63}.Release|Any CPU.Build.0 = ReleaseNET35|Any CPU
		{EF2E2EF3-5A8F-402D-99FD-C8C60C178F63}.Release|x86.ActiveCfg = ReleaseNET35|Any CPU
		{EF2E2EF3-5A8F-402D-99FD-C8C60C178F63}.ReleaseNET35|Any CPU.ActiveCfg = ReleaseNET40|Any CPU
		{EF2E2EF3-5A8F-402D-99FD-C8C60C178F63}.ReleaseNET35|Any CPU.Build.0 = ReleaseNET40|Any CPU
		{EF2E2EF3-5A8F-402D-99FD-C8C60C178F63}.ReleaseNET35|x86.ActiveCfg = ReleaseNET40|Any CPU
		{EF2E2EF3-5A8F-402D-99FD-C8C60C178F63}.ReleaseNET40|Any CPU.ActiveCfg = ReleaseNET40|Any CPU
		{EF2E2EF3-5A8F-402D-99FD-C8C60C178F63}.ReleaseNET40|Any CPU.Build.0 = ReleaseNET40|Any CPU
		{EF2E2EF3-5A8F-402D-99FD-C8C60C178F63}.ReleaseNET40|x86.ActiveCfg = ReleaseNET40|Any CPU
		{733F8032-D649-4E4C-A23E-4A048C33FCAE}.Debug|Any CPU.ActiveCfg = DebugNET35|Any CPU
		{733F8032-D649-4E4C-A23E-4A048C33FCAE}.Debug|Any CPU.Build.0 = DebugNET35|Any CPU
		{733F8032-D649-4E4C-A23E-4A048C33FCAE}.Debug|x86.ActiveCfg = DebugNET35|Any CPU
		{733F8032-D649-4E4C-A23E-4A048C33FCAE}.DebugNET35|Any CPU.ActiveCfg = DebugNET35|Any CPU
		{733F8032-D649-4E4C-A23E-4A048C33FCAE}.DebugNET35|Any CPU.Build.0 = DebugNET35|Any CPU
		{733F8032-D649-4E4C-A23E-4A048C33FCAE}.DebugNET35|x86.ActiveCfg = DebugNET40|Any CPU
		{733F8032-D649-4E4C-A23E-4A048C33FCAE}.DebugNET40|Any CPU.ActiveCfg = DebugNET40|Any CPU
		{733F8032-D649-4E4C-A23E-4A048C33FCAE}.DebugNET40|Any CPU.Build.0 = DebugNET40|Any CPU
		{733F8032-D649-4E4C-A23E-4A048C33FCAE}.DebugNET40|x86.ActiveCfg = DebugNET40|Any CPU
		{733F8032-D649-4E4C-A23E-4A048C33FCAE}.Release|Any CPU.ActiveCfg = ReleaseNET35|Any CPU
		{733F8032-D649-4E4C-A23E-4A048C33FCAE}.Release|Any CPU.Build.0 = ReleaseNET35|Any CPU
		{733F8032-D649-4E4C-A23E-4A048C33FCAE}.Release|x86.ActiveCfg = ReleaseNET35|Any CPU
		{733F8032-D649-4E4C-A23E-4A048C33FCAE}.ReleaseNET35|Any CPU.ActiveCfg = ReleaseNET40|Any CPU
		{733F8032-D649-4E4C-A23E-4A048C33FCAE}.ReleaseNET35|Any CPU.Build.0 = ReleaseNET40|Any CPU
		{733F8032-D649-4E4C-A23E-4A048C33FCAE}.ReleaseNET35|x86.ActiveCfg = ReleaseNET40|Any CPU
		{733F8032-D649-4E4C-A23E-4A048C33FCAE}.ReleaseNET40|Any CPU.ActiveCfg = ReleaseNET40|Any CPU
		{733F8032-D649-4E4C-A23E-4A048C33FCAE}.ReleaseNET40|Any CPU.Build.0 = ReleaseNET40|Any CPU
		{733F8032-D649-4E4C-A23E-4A048C33FCAE}.ReleaseNET40|x86.ActiveCfg = ReleaseNET40|Any CPU
		{D465B3ED-0139-4130-91E7-6D479A1CAF64}.Debug|Any CPU.ActiveCfg = DebugNET35|Any CPU
		{D465B3ED-0139-4130-91E7-6D479A1CAF64}.Debug|Any CPU.Build.0 = DebugNET35|Any CPU
		{D465B3ED-0139-4130-91E7-6D479A1CAF64}.Debug|x86.ActiveCfg = DebugNET35|Any CPU
		{D465B3ED-0139-4130-91E7-6D479A1CAF64}.DebugNET35|Any CPU.ActiveCfg = DebugNET35|Any CPU
		{D465B3ED-0139-4130-91E7-6D479A1CAF64}.DebugNET35|Any CPU.Build.0 = DebugNET35|Any CPU
		{D465B3ED-0139-4130-91E7-6D479A1CAF64}.DebugNET35|x86.ActiveCfg = DebugNET40|Any CPU
		{D465B3ED-0139-4130-91E7-6D479A1CAF64}.DebugNET40|Any CPU.ActiveCfg = DebugNET40|Any CPU
		{D465B3ED-0139-4130-91E7-6D479A1CAF64}.DebugNET40|Any CPU.Build.0 = DebugNET40|Any CPU
		{D465B3ED-0139-4130-91E7-6D479A1CAF64}.DebugNET40|x86.ActiveCfg = DebugNET40|Any CPU
		{D465B3ED-0139-4130-91E7-6D479A1CAF64}.Release|Any CPU.ActiveCfg = ReleaseNET35|Any CPU
		{D465B3ED-0139-4130-91E7-6D479A1CAF64}.Release|Any CPU.Build.0 = ReleaseNET35|Any CPU
		{D465B3ED-0139-4130-91E7-6D479A1CAF64}.Release|x86.ActiveCfg = ReleaseNET35|Any CPU
		{D465B3ED-0139-4130-91E7-6D479A1CAF64}.ReleaseNET35|Any CPU.ActiveCfg = ReleaseNET40|Any CPU
		{D465B3ED-0139-4130-91E7-6D479A1CAF64}.ReleaseNET35|Any CPU.Build.0 = ReleaseNET40|Any CPU
		{D465B3ED-0139-4130-91E7-6D479A1CAF64}.ReleaseNET35|x86.ActiveCfg = ReleaseNET40|Any CPU
		{D465B3ED-0139-4130-91E7-6D479A1CAF64}.ReleaseNET40|Any CPU.ActiveCfg = ReleaseNET40|Any CPU
		{D465B3ED-0139-4130-91E7-6D479A1CAF64}.ReleaseNET40|Any CPU.Build.0 = ReleaseNET40|Any CPU
		{D465B3ED-0139-4130-91E7-6D479A1CAF64}.ReleaseNET40|x86.ActiveCfg = ReleaseNET40|Any CPU
		{594B9007-1375-459C-9F08-B6512369842B}.Debug|Any CPU.ActiveCfg = DebugNET35|Any CPU
		{594B9007-1375-459C-9F08-B6512369842B}.Debug|Any CPU.Build.0 = DebugNET35|Any CPU
		{594B9007-1375-459C-9F08-B6512369842B}.Debug|x86.ActiveCfg = DebugNET35|Any CPU
		{594B9007-1375-459C-9F08-B6512369842B}.DebugNET35|Any CPU.ActiveCfg = DebugNET35|Any CPU
		{594B9007-1375-459C-9F08-B6512369842B}.DebugNET35|Any CPU.Build.0 = DebugNET35|Any CPU
		{594B9007-1375-459C-9F08-B6512369842B}.DebugNET35|x86.ActiveCfg = DebugNET40|Any CPU
		{594B9007-1375-459C-9F08-B6512369842B}.DebugNET40|Any CPU.ActiveCfg = DebugNET40|Any CPU
		{594B9007-1375-459C-9F08-B6512369842B}.DebugNET40|Any CPU.Build.0 = DebugNET40|Any CPU
		{594B9007-1375-459C-9F08-B6512369842B}.DebugNET40|x86.ActiveCfg = DebugNET40|Any CPU
		{594B9007-1375-459C-9F08-B6512369842B}.Release|Any CPU.ActiveCfg = ReleaseNET35|Any CPU
		{594B9007-1375-459C-9F08-B6512369842B}.Release|Any CPU.Build.0 = ReleaseNET35|Any CPU
		{594B9007-1375-459C-9F08-B6512369842B}.Release|x86.ActiveCfg = ReleaseNET35|Any CPU
		{594B9007-1375-459C-9F08-B6512369842B}.ReleaseNET35|Any CPU.ActiveCfg = ReleaseNET40|Any CPU
		{594B9007-1375-459C-9F08-B6512369842B}.ReleaseNET35|Any CPU.Build.0 = ReleaseNET40|Any CPU
		{594B9007-1375-459C-9F08-B6512369842B}.ReleaseNET35|x86.ActiveCfg = ReleaseNET40|Any CPU
		{594B9007-1375-459C-9F08-B6512369842B}.ReleaseNET40|Any CPU.ActiveCfg = ReleaseNET40|Any CPU
		{594B9007-1375-459C-9F08-B6512369842B}.ReleaseNET40|Any CPU.Build.0 = ReleaseNET40|Any CPU
		{594B9007-1375-459C-9F08-B6512369842B}.ReleaseNET40|x86.ActiveCfg = ReleaseNET40|Any CPU
		{BD0F9965-DCC6-416B-AD6A-377F5CAF8216}.Debug|Any CPU.ActiveCfg = DebugNET35|Any CPU
		{BD0F9965-DCC6-416B-AD6A-377F5CAF8216}.Debug|Any CPU.Build.0 = DebugNET35|Any CPU
		{BD0F9965-DCC6-416B-AD6A-377F5CAF8216}.Debug|x86.ActiveCfg = DebugNET35|Any CPU
		{BD0F9965-DCC6-416B-AD6A-377F5CAF8216}.DebugNET35|Any CPU.ActiveCfg = DebugNET35|Any CPU
		{BD0F9965-DCC6-416B-AD6A-377F5CAF8216}.DebugNET35|Any CPU.Build.0 = DebugNET35|Any CPU
		{BD0F9965-DCC6-416B-AD6A-377F5CAF8216}.DebugNET35|x86.ActiveCfg = DebugNET35|Any CPU
		{BD0F9965-DCC6-416B-AD6A-377F5CAF8216}.DebugNET40|Any CPU.ActiveCfg = DebugNET40|Any CPU
		{BD0F9965-DCC6-416B-AD6A-377F5CAF8216}.DebugNET40|Any CPU.Build.0 = DebugNET40|Any CPU
		{BD0F9965-DCC6-416B-AD6A-377F5CAF8216}.DebugNET40|x86.ActiveCfg = DebugNET40|Any CPU
		{BD0F9965-DCC6-416B-AD6A-377F5CAF8216}.Release|Any CPU.ActiveCfg = ReleaseNET35|Any CPU
		{BD0F9965-DCC6-416B-AD6A-377F5CAF8216}.Release|Any CPU.Build.0 = ReleaseNET35|Any CPU
		{BD0F9965-DCC6-416B-AD6A-377F5CAF8216}.Release|x86.ActiveCfg = ReleaseNET35|Any CPU
		{BD0F9965-DCC6-416B-AD6A-377F5CAF8216}.ReleaseNET35|Any CPU.ActiveCfg = ReleaseNET35|Any CPU
		{BD0F9965-DCC6-416B-AD6A-377F5CAF8216}.ReleaseNET35|Any CPU.Build.0 = ReleaseNET35|Any CPU
		{BD0F9965-DCC6-416B-AD6A-377F5CAF8216}.ReleaseNET35|x86.ActiveCfg = ReleaseNET35|Any CPU
		{BD0F9965-DCC6-416B-AD6A-377F5CAF8216}.ReleaseNET40|Any CPU.ActiveCfg = ReleaseNET40|Any CPU
		{BD0F9965-DCC6-416B-AD6A-377F5CAF8216}.ReleaseNET40|Any CPU.Build.0 = ReleaseNET40|Any CPU
		{BD0F9965-DCC6-416B-AD6A-377F5CAF8216}.ReleaseNET40|x86.ActiveCfg = ReleaseNET40|Any CPU
		{C93B9E33-D51D-4101-A3E2-911B8F616BE7}.Debug|Any CPU.ActiveCfg = DebugNET35|Any CPU
		{C93B9E33-D51D-4101-A3E2-911B8F616BE7}.Debug|Any CPU.Build.0 = DebugNET35|Any CPU
		{C93B9E33-D51D-4101-A3E2-911B8F616BE7}.Debug|x86.ActiveCfg = DebugNET35|Any CPU
		{C93B9E33-D51D-4101-A3E2-911B8F616BE7}.DebugNET35|Any CPU.ActiveCfg = DebugNET35|Any CPU
		{C93B9E33-D51D-4101-A3E2-911B8F616BE7}.DebugNET35|Any CPU.Build.0 = DebugNET35|Any CPU
		{C93B9E33-D51D-4101-A3E2-911B8F616BE7}.DebugNET35|x86.ActiveCfg = DebugNET35|Any CPU
		{C93B9E33-D51D-4101-A3E2-911B8F616BE7}.DebugNET40|Any CPU.ActiveCfg = DebugNET40|Any CPU
		{C93B9E33-D51D-4101-A3E2-911B8F616BE7}.DebugNET40|Any CPU.Build.0 = DebugNET40|Any CPU
		{C93B9E33-D51D-4101-A3E2-911B8F616BE7}.DebugNET40|x86.ActiveCfg = DebugNET40|Any CPU
		{C93B9E33-D51D-4101-A3E2-911B8F616BE7}.Release|Any CPU.ActiveCfg = ReleaseNET35|Any CPU
		{C93B9E33-D51D-4101-A3E2-911B8F616BE7}.Release|Any CPU.Build.0 = ReleaseNET35|Any CPU
		{C93B9E33-D51D-4101-A3E2-911B8F616BE7}.Release|x86.ActiveCfg = ReleaseNET35|Any CPU
		{C93B9E33-D51D-4101-A3E2-911B8F616BE7}.ReleaseNET35|Any CPU.ActiveCfg = ReleaseNET35|Any CPU
		{C93B9E33-D51D-4101-A3E2-911B8F616BE7}.ReleaseNET35|Any CPU.Build.0 = ReleaseNET35|Any CPU
		{C93B9E33-D51D-4101-A3E2-911B8F616BE7}.ReleaseNET35|x86.ActiveCfg = ReleaseNET35|Any CPU
		{C93B9E33-D51D-4101-A3E2-911B8F616BE7}.ReleaseNET40|Any CPU.ActiveCfg = ReleaseNET40|Any CPU
		{C93B9E33-D51D-4101-A3E2-911B8F616BE7}.ReleaseNET40|Any CPU.Build.0 = ReleaseNET40|Any CPU
		{C93B9E33-D51D-4101-A3E2-911B8F616BE7}.ReleaseNET40|x86.ActiveCfg = ReleaseNET40|Any CPU
	EndGlobalSection
	GlobalSection(SolutionProperties) = preSolution
		HideSolutionNode = FALSE
	EndGlobalSection
	GlobalSection(NestedProjects) = preSolution
		{C9A552DA-83EB-4479-BAB6-C40B6091E3D4} = {2DEB743A-B285-4B0D-AB7D-FE26109C7989}
		{4D64EC45-C42A-4601-9E80-2D166AC849F3} = {2DEB743A-B285-4B0D-AB7D-FE26109C7989}
		{5B4D49A1-D849-43E3-8701-9CD56DC533BC} = {2DEB743A-B285-4B0D-AB7D-FE26109C7989}
		{C38D3ED4-367B-42E6-97A3-B8403DB528FF} = {2DEB743A-B285-4B0D-AB7D-FE26109C7989}
		{52B1448C-8165-46B7-B024-A6BF9F60D766} = {2DEB743A-B285-4B0D-AB7D-FE26109C7989}
		{FC7BD8AA-A175-4E25-A8B2-10CCB8F46503} = {2DEB743A-B285-4B0D-AB7D-FE26109C7989}
		{8DEA25D9-66FF-42AD-A1A2-1FE423A2B04B} = {2DEB743A-B285-4B0D-AB7D-FE26109C7989}
		{2CA5DE76-6CEB-4402-948D-9FBD62E22F51} = {2DEB743A-B285-4B0D-AB7D-FE26109C7989}
		{5D451928-B7C4-4BEA-848D-F23A8E3DFAA5} = {2DEB743A-B285-4B0D-AB7D-FE26109C7989}
		{EC1BE4F4-A2A7-4154-9F4D-F75D1B1FD976} = {2DEB743A-B285-4B0D-AB7D-FE26109C7989}
		{EF2E2EF3-5A8F-402D-99FD-C8C60C178F63} = {2DEB743A-B285-4B0D-AB7D-FE26109C7989}
		{594B9007-1375-459C-9F08-B6512369842B} = {2DEB743A-B285-4B0D-AB7D-FE26109C7989}
	EndGlobalSection
EndGlobal
