
Microsoft Visual Studio Solution File, Format Version 12.00
# Visual Studio 2012
Project("{2150E333-8FDC-42A3-9474-1A3956D46DE8}") = "Tests", "Tests", "{639E342E-ED44-4D76-99D3-DA44A32CB2D8}"
EndProject
Project("{2150E333-8FDC-42A3-9474-1A3956D46DE8}") = "Plugins", "Plugins", "{4F0C8144-C649-441A-86C4-9671844E5FC0}"
EndProject
Project("{2150E333-8FDC-42A3-9474-1A3956D46DE8}") = "Shared", "Shared", "{24BFD20E-E326-4517-BF32-16267117AC1D}"
	ProjectSection(SolutionItems) = preProject
		Cassette.Shared.nuspec = Cassette.Shared.nuspec
		SharedAssemblyInfo.cs = SharedAssemblyInfo.cs
	EndProjectSection
EndProject
Project("{FAE04EC0-301F-11D3-BF4B-00C04F79EFBC}") = "Cassette", "Cassette\Cassette.csproj", "{A5CCF9D3-5D49-4BFC-B9A6-9EC9E0E29C50}"
EndProject
Project("{FAE04EC0-301F-11D3-BF4B-00C04F79EFBC}") = "Cassette.Aspnet", "Cassette.Aspnet\Cassette.Aspnet.csproj", "{733F8032-D649-4E4C-A23E-4A048C33FCAE}"
EndProject
Project("{FAE04EC0-301F-11D3-BF4B-00C04F79EFBC}") = "Cassette.Aspnet.Jasmine", "Cassette.Aspnet.Jasmine\Cassette.Aspnet.Jasmine.csproj", "{EF2E2EF3-5A8F-402D-99FD-C8C60C178F63}"
EndProject
Project("{FAE04EC0-301F-11D3-BF4B-00C04F79EFBC}") = "Cassette.CoffeeScript", "Cassette.CoffeeScript\Cassette.CoffeeScript.csproj", "{C9A552DA-83EB-4479-BAB6-C40B6091E3D4}"
EndProject
Project("{FAE04EC0-301F-11D3-BF4B-00C04F79EFBC}") = "Cassette.Hogan", "Cassette.Hogan\Cassette.Hogan.csproj", "{4D64EC45-C42A-4601-9E80-2D166AC849F3}"
EndProject
Project("{FAE04EC0-301F-11D3-BF4B-00C04F79EFBC}") = "Cassette.JQueryTmpl", "Cassette.JQueryTmpl\Cassette.JQueryTmpl.csproj", "{5B4D49A1-D849-43E3-8701-9CD56DC533BC}"
EndProject
Project("{FAE04EC0-301F-11D3-BF4B-00C04F79EFBC}") = "Cassette.Less", "Cassette.Less\Cassette.Less.csproj", "{EC1BE4F4-A2A7-4154-9F4D-F75D1B1FD976}"
EndProject
Project("{FAE04EC0-301F-11D3-BF4B-00C04F79EFBC}") = "Cassette.MSBuild", "Cassette.MSBuild\Cassette.MSBuild.csproj", "{F8ED179C-E38B-4EF4-A5E8-52AC1611425E}"
EndProject
Project("{FAE04EC0-301F-11D3-BF4B-00C04F79EFBC}") = "Cassette.Sass", "Cassette.Sass\Cassette.Sass.csproj", "{52B1448C-8165-46B7-B024-A6BF9F60D766}"
EndProject
Project("{FAE04EC0-301F-11D3-BF4B-00C04F79EFBC}") = "Cassette.Views", "Cassette.Views\Cassette.Views.csproj", "{3A021487-A395-4FE6-9B41-336D0F1E6AD0}"
EndProject
Project("{FAE04EC0-301F-11D3-BF4B-00C04F79EFBC}") = "Website", "Website\Website.csproj", "{FAB26B89-C01A-4DAA-B415-B1A5115C50C2}"
EndProject
Project("{FAE04EC0-301F-11D3-BF4B-00C04F79EFBC}") = "Cassette.Aspnet.Jasmine.UnitTests", "Cassette.Aspnet.Jasmine.UnitTests\Cassette.Aspnet.Jasmine.UnitTests.csproj", "{594B9007-1375-459C-9F08-B6512369842B}"
EndProject
Project("{FAE04EC0-301F-11D3-BF4B-00C04F79EFBC}") = "Cassette.Aspnet.UnitTests", "Cassette.Aspnet.UnitTests\Cassette.Aspnet.UnitTests.csproj", "{D465B3ED-0139-4130-91E7-6D479A1CAF64}"
EndProject
Project("{FAE04EC0-301F-11D3-BF4B-00C04F79EFBC}") = "Cassette.CoffeeScript.UnitTests", "Cassette.CoffeeScript.UnitTests\Cassette.CoffeeScript.UnitTests.csproj", "{FC7BD8AA-A175-4E25-A8B2-10CCB8F46503}"
EndProject
Project("{FAE04EC0-301F-11D3-BF4B-00C04F79EFBC}") = "Cassette.Hogan.UnitTests", "Cassette.Hogan.UnitTests\Cassette.Hogan.UnitTests.csproj", "{5D451928-B7C4-4BEA-848D-F23A8E3DFAA5}"
EndProject
Project("{FAE04EC0-301F-11D3-BF4B-00C04F79EFBC}") = "Cassette.IntegrationTests", "Cassette.IntegrationTests\Cassette.IntegrationTests.csproj", "{5952594E-CED1-4E34-9DA2-5F28453F559E}"
EndProject
Project("{FAE04EC0-301F-11D3-BF4B-00C04F79EFBC}") = "Cassette.Less.UnitTests", "Cassette.Less.UnitTests\Cassette.Less.UnitTests.csproj", "{8DEA25D9-66FF-42AD-A1A2-1FE423A2B04B}"
EndProject
Project("{FAE04EC0-301F-11D3-BF4B-00C04F79EFBC}") = "Cassette.MSBuild.UnitTests", "Cassette.MSBuild.UnitTests\Cassette.MSBuild.UnitTests.csproj", "{C93B9E33-D51D-4101-A3E2-911B8F616BE7}"
EndProject
Project("{FAE04EC0-301F-11D3-BF4B-00C04F79EFBC}") = "Cassette.Sass.UnitTests", "Cassette.Sass.UnitTests\Cassette.Sass.UnitTests.csproj", "{2CA5DE76-6CEB-4402-948D-9FBD62E22F51}"
EndProject
Project("{FAE04EC0-301F-11D3-BF4B-00C04F79EFBC}") = "Cassette.UnitTests", "Cassette.UnitTests\Cassette.UnitTests.csproj", "{F200A67A-D7B5-441B-AB36-69AA5C87577E}"
EndProject
Project("{FAE04EC0-301F-11D3-BF4B-00C04F79EFBC}") = "Cassette.Views.UnitTests", "Cassette.Views.UnitTests\Cassette.Views.UnitTests.csproj", "{BD0F9965-DCC6-416B-AD6A-377F5CAF8216}"
EndProject
Project("{2150E333-8FDC-42A3-9474-1A3956D46DE8}") = ".nuget", ".nuget", "{610FC572-C5A1-4503-83B3-2EEE0769E71F}"
	ProjectSection(SolutionItems) = preProject
		.nuget\NuGet.Config = .nuget\NuGet.Config
		.nuget\NuGet.exe = .nuget\NuGet.exe
		.nuget\NuGet.targets = .nuget\NuGet.targets
	EndProjectSection
EndProject
Project("{FAE04EC0-301F-11D3-BF4B-00C04F79EFBC}") = "Cassette.Spriting", "Cassette.Spriting\Cassette.Spriting.csproj", "{B775612C-BAF8-4947-B83B-DD43F802E999}"
EndProject
Project("{FAE04EC0-301F-11D3-BF4B-00C04F79EFBC}") = "Cassette.Spriting.UnitTests", "Cassette.Spriting.UnitTests\Cassette.Spriting.UnitTests.csproj", "{4AD6C38D-F3FA-4AE5-8485-B397A9224955}"
EndProject
Project("{FAE04EC0-301F-11D3-BF4B-00C04F79EFBC}") = "Cassette.RequireJS", "Cassette.RequireJS\Cassette.RequireJS.csproj", "{5672A520-0A60-424F-B9DB-29A80A96F24F}"
EndProject
Project("{2150E333-8FDC-42A3-9474-1A3956D46DE8}") = "Samples", "Samples", "{4749F1D1-273C-4EC9-8D77-13642C7907DA}"
EndProject
Project("{FAE04EC0-301F-11D3-BF4B-00C04F79EFBC}") = "RequireJsSample", "RequireJsSample\RequireJsSample.csproj", "{8FBD2D87-142D-4B86-92F8-ED62844E255E}"
EndProject
Project("{FAE04EC0-301F-11D3-BF4B-00C04F79EFBC}") = "Cassette.RequireJS.UnitTests", "Cassette.RequireJS.UnitTests\Cassette.RequireJS.UnitTests.csproj", "{E45DA7CE-3A8F-4414-AA60-BDF636D15D1B}"
EndProject
Project("{FAE04EC0-301F-11D3-BF4B-00C04F79EFBC}") = "Cassette.Handlebars", "Cassette.Handlebars\Cassette.Handlebars.csproj", "{E3B1E8F5-686A-4BB8-BA01-4FC7EC38A354}"
EndProject
Global
	GlobalSection(SolutionConfigurationPlatforms) = preSolution
		Debug|Any CPU = Debug|Any CPU
		DebugNET35|Any CPU = DebugNET35|Any CPU
		Release|Any CPU = Release|Any CPU
		ReleaseNET35|Any CPU = ReleaseNET35|Any CPU
	EndGlobalSection
	GlobalSection(ProjectConfigurationPlatforms) = postSolution
		{A5CCF9D3-5D49-4BFC-B9A6-9EC9E0E29C50}.Debug|Any CPU.ActiveCfg = Debug|Any CPU
		{A5CCF9D3-5D49-4BFC-B9A6-9EC9E0E29C50}.Debug|Any CPU.Build.0 = Debug|Any CPU
		{A5CCF9D3-5D49-4BFC-B9A6-9EC9E0E29C50}.DebugNET35|Any CPU.ActiveCfg = DebugNET35|Any CPU
		{A5CCF9D3-5D49-4BFC-B9A6-9EC9E0E29C50}.DebugNET35|Any CPU.Build.0 = DebugNET35|Any CPU
		{A5CCF9D3-5D49-4BFC-B9A6-9EC9E0E29C50}.Release|Any CPU.ActiveCfg = Release|Any CPU
		{A5CCF9D3-5D49-4BFC-B9A6-9EC9E0E29C50}.Release|Any CPU.Build.0 = Release|Any CPU
		{A5CCF9D3-5D49-4BFC-B9A6-9EC9E0E29C50}.ReleaseNET35|Any CPU.ActiveCfg = ReleaseNET35|Any CPU
		{A5CCF9D3-5D49-4BFC-B9A6-9EC9E0E29C50}.ReleaseNET35|Any CPU.Build.0 = ReleaseNET35|Any CPU
		{733F8032-D649-4E4C-A23E-4A048C33FCAE}.Debug|Any CPU.ActiveCfg = Debug|Any CPU
		{733F8032-D649-4E4C-A23E-4A048C33FCAE}.Debug|Any CPU.Build.0 = Debug|Any CPU
		{733F8032-D649-4E4C-A23E-4A048C33FCAE}.DebugNET35|Any CPU.ActiveCfg = DebugNET35|Any CPU
		{733F8032-D649-4E4C-A23E-4A048C33FCAE}.DebugNET35|Any CPU.Build.0 = DebugNET35|Any CPU
		{733F8032-D649-4E4C-A23E-4A048C33FCAE}.Release|Any CPU.ActiveCfg = Release|Any CPU
		{733F8032-D649-4E4C-A23E-4A048C33FCAE}.Release|Any CPU.Build.0 = Release|Any CPU
		{733F8032-D649-4E4C-A23E-4A048C33FCAE}.ReleaseNET35|Any CPU.ActiveCfg = ReleaseNET35|Any CPU
		{733F8032-D649-4E4C-A23E-4A048C33FCAE}.ReleaseNET35|Any CPU.Build.0 = ReleaseNET35|Any CPU
		{EF2E2EF3-5A8F-402D-99FD-C8C60C178F63}.Debug|Any CPU.ActiveCfg = Debug|Any CPU
		{EF2E2EF3-5A8F-402D-99FD-C8C60C178F63}.Debug|Any CPU.Build.0 = Debug|Any CPU
		{EF2E2EF3-5A8F-402D-99FD-C8C60C178F63}.DebugNET35|Any CPU.ActiveCfg = DebugNET35|Any CPU
		{EF2E2EF3-5A8F-402D-99FD-C8C60C178F63}.DebugNET35|Any CPU.Build.0 = DebugNET35|Any CPU
		{EF2E2EF3-5A8F-402D-99FD-C8C60C178F63}.Release|Any CPU.ActiveCfg = Release|Any CPU
		{EF2E2EF3-5A8F-402D-99FD-C8C60C178F63}.Release|Any CPU.Build.0 = Release|Any CPU
		{EF2E2EF3-5A8F-402D-99FD-C8C60C178F63}.ReleaseNET35|Any CPU.ActiveCfg = ReleaseNET35|Any CPU
		{EF2E2EF3-5A8F-402D-99FD-C8C60C178F63}.ReleaseNET35|Any CPU.Build.0 = ReleaseNET35|Any CPU
		{C9A552DA-83EB-4479-BAB6-C40B6091E3D4}.Debug|Any CPU.ActiveCfg = Debug|Any CPU
		{C9A552DA-83EB-4479-BAB6-C40B6091E3D4}.Debug|Any CPU.Build.0 = Debug|Any CPU
		{C9A552DA-83EB-4479-BAB6-C40B6091E3D4}.DebugNET35|Any CPU.ActiveCfg = DebugNET35|Any CPU
		{C9A552DA-83EB-4479-BAB6-C40B6091E3D4}.DebugNET35|Any CPU.Build.0 = DebugNET35|Any CPU
		{C9A552DA-83EB-4479-BAB6-C40B6091E3D4}.Release|Any CPU.ActiveCfg = Release|Any CPU
		{C9A552DA-83EB-4479-BAB6-C40B6091E3D4}.Release|Any CPU.Build.0 = Release|Any CPU
		{C9A552DA-83EB-4479-BAB6-C40B6091E3D4}.ReleaseNET35|Any CPU.ActiveCfg = ReleaseNET35|Any CPU
		{C9A552DA-83EB-4479-BAB6-C40B6091E3D4}.ReleaseNET35|Any CPU.Build.0 = ReleaseNET35|Any CPU
		{4D64EC45-C42A-4601-9E80-2D166AC849F3}.Debug|Any CPU.ActiveCfg = Debug|Any CPU
		{4D64EC45-C42A-4601-9E80-2D166AC849F3}.Debug|Any CPU.Build.0 = Debug|Any CPU
		{4D64EC45-C42A-4601-9E80-2D166AC849F3}.DebugNET35|Any CPU.ActiveCfg = DebugNET35|Any CPU
		{4D64EC45-C42A-4601-9E80-2D166AC849F3}.DebugNET35|Any CPU.Build.0 = DebugNET35|Any CPU
		{4D64EC45-C42A-4601-9E80-2D166AC849F3}.Release|Any CPU.ActiveCfg = Release|Any CPU
		{4D64EC45-C42A-4601-9E80-2D166AC849F3}.Release|Any CPU.Build.0 = Release|Any CPU
		{4D64EC45-C42A-4601-9E80-2D166AC849F3}.ReleaseNET35|Any CPU.ActiveCfg = ReleaseNET35|Any CPU
		{4D64EC45-C42A-4601-9E80-2D166AC849F3}.ReleaseNET35|Any CPU.Build.0 = ReleaseNET35|Any CPU
		{5B4D49A1-D849-43E3-8701-9CD56DC533BC}.Debug|Any CPU.ActiveCfg = Debug|Any CPU
		{5B4D49A1-D849-43E3-8701-9CD56DC533BC}.Debug|Any CPU.Build.0 = Debug|Any CPU
		{5B4D49A1-D849-43E3-8701-9CD56DC533BC}.DebugNET35|Any CPU.ActiveCfg = DebugNET35|Any CPU
		{5B4D49A1-D849-43E3-8701-9CD56DC533BC}.DebugNET35|Any CPU.Build.0 = DebugNET35|Any CPU
		{5B4D49A1-D849-43E3-8701-9CD56DC533BC}.Release|Any CPU.ActiveCfg = Release|Any CPU
		{5B4D49A1-D849-43E3-8701-9CD56DC533BC}.Release|Any CPU.Build.0 = Release|Any CPU
		{5B4D49A1-D849-43E3-8701-9CD56DC533BC}.ReleaseNET35|Any CPU.ActiveCfg = ReleaseNET35|Any CPU
		{5B4D49A1-D849-43E3-8701-9CD56DC533BC}.ReleaseNET35|Any CPU.Build.0 = ReleaseNET35|Any CPU
		{EC1BE4F4-A2A7-4154-9F4D-F75D1B1FD976}.Debug|Any CPU.ActiveCfg = Debug|Any CPU
		{EC1BE4F4-A2A7-4154-9F4D-F75D1B1FD976}.Debug|Any CPU.Build.0 = Debug|Any CPU
		{EC1BE4F4-A2A7-4154-9F4D-F75D1B1FD976}.DebugNET35|Any CPU.ActiveCfg = DebugNET35|Any CPU
		{EC1BE4F4-A2A7-4154-9F4D-F75D1B1FD976}.DebugNET35|Any CPU.Build.0 = DebugNET35|Any CPU
		{EC1BE4F4-A2A7-4154-9F4D-F75D1B1FD976}.Release|Any CPU.ActiveCfg = Release|Any CPU
		{EC1BE4F4-A2A7-4154-9F4D-F75D1B1FD976}.Release|Any CPU.Build.0 = Release|Any CPU
		{EC1BE4F4-A2A7-4154-9F4D-F75D1B1FD976}.ReleaseNET35|Any CPU.ActiveCfg = ReleaseNET35|Any CPU
		{EC1BE4F4-A2A7-4154-9F4D-F75D1B1FD976}.ReleaseNET35|Any CPU.Build.0 = ReleaseNET35|Any CPU
		{F8ED179C-E38B-4EF4-A5E8-52AC1611425E}.Debug|Any CPU.ActiveCfg = Debug|Any CPU
		{F8ED179C-E38B-4EF4-A5E8-52AC1611425E}.Debug|Any CPU.Build.0 = Debug|Any CPU
		{F8ED179C-E38B-4EF4-A5E8-52AC1611425E}.DebugNET35|Any CPU.ActiveCfg = DebugNET35|Any CPU
		{F8ED179C-E38B-4EF4-A5E8-52AC1611425E}.DebugNET35|Any CPU.Build.0 = DebugNET35|Any CPU
		{F8ED179C-E38B-4EF4-A5E8-52AC1611425E}.Release|Any CPU.ActiveCfg = Release|Any CPU
		{F8ED179C-E38B-4EF4-A5E8-52AC1611425E}.Release|Any CPU.Build.0 = Release|Any CPU
		{F8ED179C-E38B-4EF4-A5E8-52AC1611425E}.ReleaseNET35|Any CPU.ActiveCfg = ReleaseNET35|Any CPU
		{F8ED179C-E38B-4EF4-A5E8-52AC1611425E}.ReleaseNET35|Any CPU.Build.0 = ReleaseNET35|Any CPU
		{52B1448C-8165-46B7-B024-A6BF9F60D766}.Debug|Any CPU.ActiveCfg = Debug|Any CPU
		{52B1448C-8165-46B7-B024-A6BF9F60D766}.Debug|Any CPU.Build.0 = Debug|Any CPU
		{52B1448C-8165-46B7-B024-A6BF9F60D766}.DebugNET35|Any CPU.ActiveCfg = Debug|Any CPU
		{52B1448C-8165-46B7-B024-A6BF9F60D766}.Release|Any CPU.ActiveCfg = Release|Any CPU
		{52B1448C-8165-46B7-B024-A6BF9F60D766}.Release|Any CPU.Build.0 = Release|Any CPU
		{52B1448C-8165-46B7-B024-A6BF9F60D766}.ReleaseNET35|Any CPU.ActiveCfg = Release|Any CPU
		{3A021487-A395-4FE6-9B41-336D0F1E6AD0}.Debug|Any CPU.ActiveCfg = Debug|Any CPU
		{3A021487-A395-4FE6-9B41-336D0F1E6AD0}.Debug|Any CPU.Build.0 = Debug|Any CPU
		{3A021487-A395-4FE6-9B41-336D0F1E6AD0}.DebugNET35|Any CPU.ActiveCfg = DebugNET35|Any CPU
		{3A021487-A395-4FE6-9B41-336D0F1E6AD0}.DebugNET35|Any CPU.Build.0 = DebugNET35|Any CPU
		{3A021487-A395-4FE6-9B41-336D0F1E6AD0}.Release|Any CPU.ActiveCfg = Release|Any CPU
		{3A021487-A395-4FE6-9B41-336D0F1E6AD0}.Release|Any CPU.Build.0 = Release|Any CPU
		{3A021487-A395-4FE6-9B41-336D0F1E6AD0}.ReleaseNET35|Any CPU.ActiveCfg = ReleaseNET35|Any CPU
		{3A021487-A395-4FE6-9B41-336D0F1E6AD0}.ReleaseNET35|Any CPU.Build.0 = ReleaseNET35|Any CPU
		{FAB26B89-C01A-4DAA-B415-B1A5115C50C2}.Debug|Any CPU.ActiveCfg = Debug|Any CPU
		{FAB26B89-C01A-4DAA-B415-B1A5115C50C2}.Debug|Any CPU.Build.0 = Debug|Any CPU
		{FAB26B89-C01A-4DAA-B415-B1A5115C50C2}.DebugNET35|Any CPU.ActiveCfg = Debug|Any CPU
		{FAB26B89-C01A-4DAA-B415-B1A5115C50C2}.DebugNET35|Any CPU.Build.0 = Debug|Any CPU
		{FAB26B89-C01A-4DAA-B415-B1A5115C50C2}.Release|Any CPU.ActiveCfg = Release|Any CPU
		{FAB26B89-C01A-4DAA-B415-B1A5115C50C2}.Release|Any CPU.Build.0 = Release|Any CPU
		{FAB26B89-C01A-4DAA-B415-B1A5115C50C2}.ReleaseNET35|Any CPU.ActiveCfg = Release|Any CPU
		{FAB26B89-C01A-4DAA-B415-B1A5115C50C2}.ReleaseNET35|Any CPU.Build.0 = Release|Any CPU
		{594B9007-1375-459C-9F08-B6512369842B}.Debug|Any CPU.ActiveCfg = Debug|Any CPU
		{594B9007-1375-459C-9F08-B6512369842B}.Debug|Any CPU.Build.0 = Debug|Any CPU
		{594B9007-1375-459C-9F08-B6512369842B}.DebugNET35|Any CPU.ActiveCfg = DebugNET35|Any CPU
		{594B9007-1375-459C-9F08-B6512369842B}.DebugNET35|Any CPU.Build.0 = DebugNET35|Any CPU
		{594B9007-1375-459C-9F08-B6512369842B}.Release|Any CPU.ActiveCfg = Release|Any CPU
		{594B9007-1375-459C-9F08-B6512369842B}.Release|Any CPU.Build.0 = Release|Any CPU
		{594B9007-1375-459C-9F08-B6512369842B}.ReleaseNET35|Any CPU.ActiveCfg = ReleaseNET35|Any CPU
		{594B9007-1375-459C-9F08-B6512369842B}.ReleaseNET35|Any CPU.Build.0 = ReleaseNET35|Any CPU
		{D465B3ED-0139-4130-91E7-6D479A1CAF64}.Debug|Any CPU.ActiveCfg = Debug|Any CPU
		{D465B3ED-0139-4130-91E7-6D479A1CAF64}.Debug|Any CPU.Build.0 = Debug|Any CPU
		{D465B3ED-0139-4130-91E7-6D479A1CAF64}.DebugNET35|Any CPU.ActiveCfg = DebugNET35|Any CPU
		{D465B3ED-0139-4130-91E7-6D479A1CAF64}.DebugNET35|Any CPU.Build.0 = DebugNET35|Any CPU
		{D465B3ED-0139-4130-91E7-6D479A1CAF64}.Release|Any CPU.ActiveCfg = Release|Any CPU
		{D465B3ED-0139-4130-91E7-6D479A1CAF64}.Release|Any CPU.Build.0 = Release|Any CPU
		{D465B3ED-0139-4130-91E7-6D479A1CAF64}.ReleaseNET35|Any CPU.ActiveCfg = ReleaseNET35|Any CPU
		{D465B3ED-0139-4130-91E7-6D479A1CAF64}.ReleaseNET35|Any CPU.Build.0 = ReleaseNET35|Any CPU
		{FC7BD8AA-A175-4E25-A8B2-10CCB8F46503}.Debug|Any CPU.ActiveCfg = Debug|Any CPU
		{FC7BD8AA-A175-4E25-A8B2-10CCB8F46503}.Debug|Any CPU.Build.0 = Debug|Any CPU
		{FC7BD8AA-A175-4E25-A8B2-10CCB8F46503}.DebugNET35|Any CPU.ActiveCfg = DebugNET35|Any CPU
		{FC7BD8AA-A175-4E25-A8B2-10CCB8F46503}.DebugNET35|Any CPU.Build.0 = DebugNET35|Any CPU
		{FC7BD8AA-A175-4E25-A8B2-10CCB8F46503}.Release|Any CPU.ActiveCfg = Release|Any CPU
		{FC7BD8AA-A175-4E25-A8B2-10CCB8F46503}.Release|Any CPU.Build.0 = Release|Any CPU
		{FC7BD8AA-A175-4E25-A8B2-10CCB8F46503}.ReleaseNET35|Any CPU.ActiveCfg = ReleaseNET35|Any CPU
		{FC7BD8AA-A175-4E25-A8B2-10CCB8F46503}.ReleaseNET35|Any CPU.Build.0 = ReleaseNET35|Any CPU
		{5D451928-B7C4-4BEA-848D-F23A8E3DFAA5}.Debug|Any CPU.ActiveCfg = Debug|Any CPU
		{5D451928-B7C4-4BEA-848D-F23A8E3DFAA5}.Debug|Any CPU.Build.0 = Debug|Any CPU
		{5D451928-B7C4-4BEA-848D-F23A8E3DFAA5}.DebugNET35|Any CPU.ActiveCfg = DebugNET35|Any CPU
		{5D451928-B7C4-4BEA-848D-F23A8E3DFAA5}.DebugNET35|Any CPU.Build.0 = DebugNET35|Any CPU
		{5D451928-B7C4-4BEA-848D-F23A8E3DFAA5}.Release|Any CPU.ActiveCfg = Release|Any CPU
		{5D451928-B7C4-4BEA-848D-F23A8E3DFAA5}.Release|Any CPU.Build.0 = Release|Any CPU
		{5D451928-B7C4-4BEA-848D-F23A8E3DFAA5}.ReleaseNET35|Any CPU.ActiveCfg = ReleaseNET35|Any CPU
		{5D451928-B7C4-4BEA-848D-F23A8E3DFAA5}.ReleaseNET35|Any CPU.Build.0 = ReleaseNET35|Any CPU
		{5952594E-CED1-4E34-9DA2-5F28453F559E}.Debug|Any CPU.ActiveCfg = Debug|Any CPU
		{5952594E-CED1-4E34-9DA2-5F28453F559E}.Debug|Any CPU.Build.0 = Debug|Any CPU
		{5952594E-CED1-4E34-9DA2-5F28453F559E}.DebugNET35|Any CPU.ActiveCfg = DebugNET35|Any CPU
		{5952594E-CED1-4E34-9DA2-5F28453F559E}.DebugNET35|Any CPU.Build.0 = DebugNET35|Any CPU
		{5952594E-CED1-4E34-9DA2-5F28453F559E}.Release|Any CPU.ActiveCfg = Release|Any CPU
		{5952594E-CED1-4E34-9DA2-5F28453F559E}.Release|Any CPU.Build.0 = Release|Any CPU
		{5952594E-CED1-4E34-9DA2-5F28453F559E}.ReleaseNET35|Any CPU.ActiveCfg = ReleaseNET35|Any CPU
		{5952594E-CED1-4E34-9DA2-5F28453F559E}.ReleaseNET35|Any CPU.Build.0 = ReleaseNET35|Any CPU
		{8DEA25D9-66FF-42AD-A1A2-1FE423A2B04B}.Debug|Any CPU.ActiveCfg = Debug|Any CPU
		{8DEA25D9-66FF-42AD-A1A2-1FE423A2B04B}.Debug|Any CPU.Build.0 = Debug|Any CPU
		{8DEA25D9-66FF-42AD-A1A2-1FE423A2B04B}.DebugNET35|Any CPU.ActiveCfg = DebugNET35|Any CPU
		{8DEA25D9-66FF-42AD-A1A2-1FE423A2B04B}.DebugNET35|Any CPU.Build.0 = DebugNET35|Any CPU
		{8DEA25D9-66FF-42AD-A1A2-1FE423A2B04B}.Release|Any CPU.ActiveCfg = Release|Any CPU
		{8DEA25D9-66FF-42AD-A1A2-1FE423A2B04B}.Release|Any CPU.Build.0 = Release|Any CPU
		{8DEA25D9-66FF-42AD-A1A2-1FE423A2B04B}.ReleaseNET35|Any CPU.ActiveCfg = ReleaseNET35|Any CPU
		{8DEA25D9-66FF-42AD-A1A2-1FE423A2B04B}.ReleaseNET35|Any CPU.Build.0 = ReleaseNET35|Any CPU
		{C93B9E33-D51D-4101-A3E2-911B8F616BE7}.Debug|Any CPU.ActiveCfg = Debug|Any CPU
		{C93B9E33-D51D-4101-A3E2-911B8F616BE7}.Debug|Any CPU.Build.0 = Debug|Any CPU
		{C93B9E33-D51D-4101-A3E2-911B8F616BE7}.DebugNET35|Any CPU.ActiveCfg = DebugNET35|Any CPU
		{C93B9E33-D51D-4101-A3E2-911B8F616BE7}.DebugNET35|Any CPU.Build.0 = DebugNET35|Any CPU
		{C93B9E33-D51D-4101-A3E2-911B8F616BE7}.Release|Any CPU.ActiveCfg = Release|Any CPU
		{C93B9E33-D51D-4101-A3E2-911B8F616BE7}.Release|Any CPU.Build.0 = Release|Any CPU
		{C93B9E33-D51D-4101-A3E2-911B8F616BE7}.ReleaseNET35|Any CPU.ActiveCfg = ReleaseNET35|Any CPU
		{C93B9E33-D51D-4101-A3E2-911B8F616BE7}.ReleaseNET35|Any CPU.Build.0 = ReleaseNET35|Any CPU
		{2CA5DE76-6CEB-4402-948D-9FBD62E22F51}.Debug|Any CPU.ActiveCfg = Debug|Any CPU
		{2CA5DE76-6CEB-4402-948D-9FBD62E22F51}.Debug|Any CPU.Build.0 = Debug|Any CPU
		{2CA5DE76-6CEB-4402-948D-9FBD62E22F51}.DebugNET35|Any CPU.ActiveCfg = DebugNET35|Any CPU
		{2CA5DE76-6CEB-4402-948D-9FBD62E22F51}.Release|Any CPU.ActiveCfg = Release|Any CPU
		{2CA5DE76-6CEB-4402-948D-9FBD62E22F51}.Release|Any CPU.Build.0 = Release|Any CPU
		{2CA5DE76-6CEB-4402-948D-9FBD62E22F51}.ReleaseNET35|Any CPU.ActiveCfg = ReleaseNET35|Any CPU
		{F200A67A-D7B5-441B-AB36-69AA5C87577E}.Debug|Any CPU.ActiveCfg = Debug|Any CPU
		{F200A67A-D7B5-441B-AB36-69AA5C87577E}.Debug|Any CPU.Build.0 = Debug|Any CPU
		{F200A67A-D7B5-441B-AB36-69AA5C87577E}.DebugNET35|Any CPU.ActiveCfg = DebugNET35|Any CPU
		{F200A67A-D7B5-441B-AB36-69AA5C87577E}.DebugNET35|Any CPU.Build.0 = DebugNET35|Any CPU
		{F200A67A-D7B5-441B-AB36-69AA5C87577E}.Release|Any CPU.ActiveCfg = Release|Any CPU
		{F200A67A-D7B5-441B-AB36-69AA5C87577E}.Release|Any CPU.Build.0 = Release|Any CPU
		{F200A67A-D7B5-441B-AB36-69AA5C87577E}.ReleaseNET35|Any CPU.ActiveCfg = ReleaseNET35|Any CPU
		{F200A67A-D7B5-441B-AB36-69AA5C87577E}.ReleaseNET35|Any CPU.Build.0 = ReleaseNET35|Any CPU
		{BD0F9965-DCC6-416B-AD6A-377F5CAF8216}.Debug|Any CPU.ActiveCfg = Debug|Any CPU
		{BD0F9965-DCC6-416B-AD6A-377F5CAF8216}.Debug|Any CPU.Build.0 = Debug|Any CPU
		{BD0F9965-DCC6-416B-AD6A-377F5CAF8216}.DebugNET35|Any CPU.ActiveCfg = DebugNET35|Any CPU
		{BD0F9965-DCC6-416B-AD6A-377F5CAF8216}.DebugNET35|Any CPU.Build.0 = DebugNET35|Any CPU
		{BD0F9965-DCC6-416B-AD6A-377F5CAF8216}.Release|Any CPU.ActiveCfg = Release|Any CPU
		{BD0F9965-DCC6-416B-AD6A-377F5CAF8216}.Release|Any CPU.Build.0 = Release|Any CPU
		{BD0F9965-DCC6-416B-AD6A-377F5CAF8216}.ReleaseNET35|Any CPU.ActiveCfg = ReleaseNET35|Any CPU
		{BD0F9965-DCC6-416B-AD6A-377F5CAF8216}.ReleaseNET35|Any CPU.Build.0 = ReleaseNET35|Any CPU
		{B775612C-BAF8-4947-B83B-DD43F802E999}.Debug|Any CPU.ActiveCfg = Debug|Any CPU
		{B775612C-BAF8-4947-B83B-DD43F802E999}.Debug|Any CPU.Build.0 = Debug|Any CPU
		{B775612C-BAF8-4947-B83B-DD43F802E999}.DebugNET35|Any CPU.ActiveCfg = Debug|Any CPU
		{B775612C-BAF8-4947-B83B-DD43F802E999}.DebugNET35|Any CPU.Build.0 = Debug|Any CPU
		{B775612C-BAF8-4947-B83B-DD43F802E999}.Release|Any CPU.ActiveCfg = Release|Any CPU
		{B775612C-BAF8-4947-B83B-DD43F802E999}.Release|Any CPU.Build.0 = Release|Any CPU
		{B775612C-BAF8-4947-B83B-DD43F802E999}.ReleaseNET35|Any CPU.ActiveCfg = ReleaseNET35|Any CPU
		{B775612C-BAF8-4947-B83B-DD43F802E999}.ReleaseNET35|Any CPU.Build.0 = ReleaseNET35|Any CPU
		{4AD6C38D-F3FA-4AE5-8485-B397A9224955}.Debug|Any CPU.ActiveCfg = Debug|Any CPU
		{4AD6C38D-F3FA-4AE5-8485-B397A9224955}.Debug|Any CPU.Build.0 = Debug|Any CPU
		{4AD6C38D-F3FA-4AE5-8485-B397A9224955}.DebugNET35|Any CPU.ActiveCfg = Debug|Any CPU
		{4AD6C38D-F3FA-4AE5-8485-B397A9224955}.DebugNET35|Any CPU.Build.0 = Debug|Any CPU
		{4AD6C38D-F3FA-4AE5-8485-B397A9224955}.Release|Any CPU.ActiveCfg = Release|Any CPU
		{4AD6C38D-F3FA-4AE5-8485-B397A9224955}.Release|Any CPU.Build.0 = Release|Any CPU
		{4AD6C38D-F3FA-4AE5-8485-B397A9224955}.ReleaseNET35|Any CPU.ActiveCfg = ReleaseNET35|Any CPU
		{4AD6C38D-F3FA-4AE5-8485-B397A9224955}.ReleaseNET35|Any CPU.Build.0 = ReleaseNET35|Any CPU
		{5672A520-0A60-424F-B9DB-29A80A96F24F}.Debug|Any CPU.ActiveCfg = Debug|Any CPU
		{5672A520-0A60-424F-B9DB-29A80A96F24F}.Debug|Any CPU.Build.0 = Debug|Any CPU
		{5672A520-0A60-424F-B9DB-29A80A96F24F}.DebugNET35|Any CPU.ActiveCfg = Debug|Any CPU
		{5672A520-0A60-424F-B9DB-29A80A96F24F}.Release|Any CPU.ActiveCfg = Release|Any CPU
		{5672A520-0A60-424F-B9DB-29A80A96F24F}.Release|Any CPU.Build.0 = Release|Any CPU
		{5672A520-0A60-424F-B9DB-29A80A96F24F}.ReleaseNET35|Any CPU.ActiveCfg = Release|Any CPU
		{8FBD2D87-142D-4B86-92F8-ED62844E255E}.Debug|Any CPU.ActiveCfg = Debug|Any CPU
		{8FBD2D87-142D-4B86-92F8-ED62844E255E}.Debug|Any CPU.Build.0 = Debug|Any CPU
		{8FBD2D87-142D-4B86-92F8-ED62844E255E}.DebugNET35|Any CPU.ActiveCfg = Debug|Any CPU
		{8FBD2D87-142D-4B86-92F8-ED62844E255E}.Release|Any CPU.ActiveCfg = Release|Any CPU
		{8FBD2D87-142D-4B86-92F8-ED62844E255E}.Release|Any CPU.Build.0 = Release|Any CPU
		{8FBD2D87-142D-4B86-92F8-ED62844E255E}.ReleaseNET35|Any CPU.ActiveCfg = Release|Any CPU
		{E45DA7CE-3A8F-4414-AA60-BDF636D15D1B}.Debug|Any CPU.ActiveCfg = Debug|Any CPU
		{E45DA7CE-3A8F-4414-AA60-BDF636D15D1B}.Debug|Any CPU.Build.0 = Debug|Any CPU
		{E45DA7CE-3A8F-4414-AA60-BDF636D15D1B}.DebugNET35|Any CPU.ActiveCfg = Debug|Any CPU
		{E45DA7CE-3A8F-4414-AA60-BDF636D15D1B}.Release|Any CPU.ActiveCfg = Release|Any CPU
		{E45DA7CE-3A8F-4414-AA60-BDF636D15D1B}.Release|Any CPU.Build.0 = Release|Any CPU
		{E45DA7CE-3A8F-4414-AA60-BDF636D15D1B}.ReleaseNET35|Any CPU.ActiveCfg = Release|Any CPU
		{E3B1E8F5-686A-4BB8-BA01-4FC7EC38A354}.Debug|Any CPU.ActiveCfg = Debug|Any CPU
		{E3B1E8F5-686A-4BB8-BA01-4FC7EC38A354}.Debug|Any CPU.Build.0 = Debug|Any CPU
		{E3B1E8F5-686A-4BB8-BA01-4FC7EC38A354}.DebugNET35|Any CPU.ActiveCfg = DebugNET35|Any CPU
		{E3B1E8F5-686A-4BB8-BA01-4FC7EC38A354}.DebugNET35|Any CPU.Build.0 = DebugNET35|Any CPU
		{E3B1E8F5-686A-4BB8-BA01-4FC7EC38A354}.Release|Any CPU.ActiveCfg = Release|Any CPU
		{E3B1E8F5-686A-4BB8-BA01-4FC7EC38A354}.Release|Any CPU.Build.0 = Release|Any CPU
		{E3B1E8F5-686A-4BB8-BA01-4FC7EC38A354}.ReleaseNET35|Any CPU.ActiveCfg = Release|Any CPU
		{E3B1E8F5-686A-4BB8-BA01-4FC7EC38A354}.ReleaseNET35|Any CPU.Build.0 = Release|Any CPU
	EndGlobalSection
	GlobalSection(SolutionProperties) = preSolution
		HideSolutionNode = FALSE
	EndGlobalSection
	GlobalSection(NestedProjects) = preSolution
		{594B9007-1375-459C-9F08-B6512369842B} = {639E342E-ED44-4D76-99D3-DA44A32CB2D8}
		{D465B3ED-0139-4130-91E7-6D479A1CAF64} = {639E342E-ED44-4D76-99D3-DA44A32CB2D8}
		{FC7BD8AA-A175-4E25-A8B2-10CCB8F46503} = {639E342E-ED44-4D76-99D3-DA44A32CB2D8}
		{5D451928-B7C4-4BEA-848D-F23A8E3DFAA5} = {639E342E-ED44-4D76-99D3-DA44A32CB2D8}
		{5952594E-CED1-4E34-9DA2-5F28453F559E} = {639E342E-ED44-4D76-99D3-DA44A32CB2D8}
		{8DEA25D9-66FF-42AD-A1A2-1FE423A2B04B} = {639E342E-ED44-4D76-99D3-DA44A32CB2D8}
		{C93B9E33-D51D-4101-A3E2-911B8F616BE7} = {639E342E-ED44-4D76-99D3-DA44A32CB2D8}
		{2CA5DE76-6CEB-4402-948D-9FBD62E22F51} = {639E342E-ED44-4D76-99D3-DA44A32CB2D8}
		{F200A67A-D7B5-441B-AB36-69AA5C87577E} = {639E342E-ED44-4D76-99D3-DA44A32CB2D8}
		{BD0F9965-DCC6-416B-AD6A-377F5CAF8216} = {639E342E-ED44-4D76-99D3-DA44A32CB2D8}
		{4AD6C38D-F3FA-4AE5-8485-B397A9224955} = {639E342E-ED44-4D76-99D3-DA44A32CB2D8}
		{E45DA7CE-3A8F-4414-AA60-BDF636D15D1B} = {639E342E-ED44-4D76-99D3-DA44A32CB2D8}
		{EF2E2EF3-5A8F-402D-99FD-C8C60C178F63} = {4F0C8144-C649-441A-86C4-9671844E5FC0}
		{C9A552DA-83EB-4479-BAB6-C40B6091E3D4} = {4F0C8144-C649-441A-86C4-9671844E5FC0}
		{4D64EC45-C42A-4601-9E80-2D166AC849F3} = {4F0C8144-C649-441A-86C4-9671844E5FC0}
		{5B4D49A1-D849-43E3-8701-9CD56DC533BC} = {4F0C8144-C649-441A-86C4-9671844E5FC0}
		{EC1BE4F4-A2A7-4154-9F4D-F75D1B1FD976} = {4F0C8144-C649-441A-86C4-9671844E5FC0}
		{52B1448C-8165-46B7-B024-A6BF9F60D766} = {4F0C8144-C649-441A-86C4-9671844E5FC0}
		{B775612C-BAF8-4947-B83B-DD43F802E999} = {4F0C8144-C649-441A-86C4-9671844E5FC0}
		{5672A520-0A60-424F-B9DB-29A80A96F24F} = {4F0C8144-C649-441A-86C4-9671844E5FC0}
		{E3B1E8F5-686A-4BB8-BA01-4FC7EC38A354} = {4F0C8144-C649-441A-86C4-9671844E5FC0}
		{8FBD2D87-142D-4B86-92F8-ED62844E255E} = {4749F1D1-273C-4EC9-8D77-13642C7907DA}
	EndGlobalSection
EndGlobal
