
Microsoft Visual Studio Solution File, Format Version 11.00
# Visual Studio 2010
Project("{2150E333-8FDC-42A3-9474-1A3956D46DE8}") = "Shared", "Shared", "{0207F747-90FD-486E-86CA-2A3E446A57FD}"
	ProjectSection(SolutionItems) = preProject
		SharedAssemblyInfo.cs = SharedAssemblyInfo.cs
	EndProjectSection
EndProject
Project("{FAE04EC0-301F-11D3-BF4B-00C04F79EFBC}") = "Cassette", "Cassette\Cassette.csproj", "{A5CCF9D3-5D49-4BFC-B9A6-9EC9E0E29C50}"
EndProject
Project("{FAE04EC0-301F-11D3-BF4B-00C04F79EFBC}") = "Cassette.IntegrationTests", "Cassette.IntegrationTests\Cassette.IntegrationTests.csproj", "{5952594E-CED1-4E34-9DA2-5F28453F559E}"
EndProject
Project("{FAE04EC0-301F-11D3-BF4B-00C04F79EFBC}") = "Cassette.MSBuild", "Cassette.MSBuild\Cassette.MSBuild.csproj", "{F8ED179C-E38B-4EF4-A5E8-52AC1611425E}"
EndProject
Project("{FAE04EC0-301F-11D3-BF4B-00C04F79EFBC}") = "Cassette.UnitTests", "Cassette.UnitTests\Cassette.UnitTests.csproj", "{F200A67A-D7B5-441B-AB36-69AA5C87577E}"
EndProject
Project("{FAE04EC0-301F-11D3-BF4B-00C04F79EFBC}") = "Cassette.Views", "Cassette.Views\Cassette.Views.csproj", "{3A021487-A395-4FE6-9B41-336D0F1E6AD0}"
EndProject
Project("{FAE04EC0-301F-11D3-BF4B-00C04F79EFBC}") = "Cassette.Web", "Cassette.Web\Cassette.Web.csproj", "{733F8032-D649-4E4C-A23E-4A048C33FCAE}"
EndProject
Global
	GlobalSection(SolutionConfigurationPlatforms) = preSolution
		Debug|Any CPU = Debug|Any CPU
		Debug-FX35|Any CPU = Debug-FX35|Any CPU
		Release|Any CPU = Release|Any CPU
		Release-FX35|Any CPU = Release-FX35|Any CPU
	EndGlobalSection
	GlobalSection(ProjectConfigurationPlatforms) = postSolution
		{A5CCF9D3-5D49-4BFC-B9A6-9EC9E0E29C50}.Debug|Any CPU.ActiveCfg = Debug-FX35|Any CPU
		{A5CCF9D3-5D49-4BFC-B9A6-9EC9E0E29C50}.Debug|Any CPU.Build.0 = Debug-FX35|Any CPU
		{A5CCF9D3-5D49-4BFC-B9A6-9EC9E0E29C50}.Debug-FX35|Any CPU.ActiveCfg = Debug-FX35|Any CPU
		{A5CCF9D3-5D49-4BFC-B9A6-9EC9E0E29C50}.Debug-FX35|Any CPU.Build.0 = Debug-FX35|Any CPU
		{A5CCF9D3-5D49-4BFC-B9A6-9EC9E0E29C50}.Release|Any CPU.ActiveCfg = Release-FX35|Any CPU
		{A5CCF9D3-5D49-4BFC-B9A6-9EC9E0E29C50}.Release|Any CPU.Build.0 = Release-FX35|Any CPU
		{A5CCF9D3-5D49-4BFC-B9A6-9EC9E0E29C50}.Release-FX35|Any CPU.ActiveCfg = Release-FX35|Any CPU
		{A5CCF9D3-5D49-4BFC-B9A6-9EC9E0E29C50}.Release-FX35|Any CPU.Build.0 = Release-FX35|Any CPU
		{5952594E-CED1-4E34-9DA2-5F28453F559E}.Debug|Any CPU.ActiveCfg = Debug-FX35|Any CPU
		{5952594E-CED1-4E34-9DA2-5F28453F559E}.Debug|Any CPU.Build.0 = Debug-FX35|Any CPU
		{5952594E-CED1-4E34-9DA2-5F28453F559E}.Debug-FX35|Any CPU.ActiveCfg = Debug-FX35|Any CPU
		{5952594E-CED1-4E34-9DA2-5F28453F559E}.Debug-FX35|Any CPU.Build.0 = Debug-FX35|Any CPU
		{5952594E-CED1-4E34-9DA2-5F28453F559E}.Release|Any CPU.ActiveCfg = Release-FX35|Any CPU
		{5952594E-CED1-4E34-9DA2-5F28453F559E}.Release|Any CPU.Build.0 = Release-FX35|Any CPU
		{5952594E-CED1-4E34-9DA2-5F28453F559E}.Release-FX35|Any CPU.ActiveCfg = Release-FX35|Any CPU
		{5952594E-CED1-4E34-9DA2-5F28453F559E}.Release-FX35|Any CPU.Build.0 = Release-FX35|Any CPU
		{F8ED179C-E38B-4EF4-A5E8-52AC1611425E}.Debug|Any CPU.ActiveCfg = Debug-FX35|Any CPU
		{F8ED179C-E38B-4EF4-A5E8-52AC1611425E}.Debug|Any CPU.Build.0 = Debug-FX35|Any CPU
		{F8ED179C-E38B-4EF4-A5E8-52AC1611425E}.Debug-FX35|Any CPU.ActiveCfg = Debug-FX35|Any CPU
		{F8ED179C-E38B-4EF4-A5E8-52AC1611425E}.Debug-FX35|Any CPU.Build.0 = Debug-FX35|Any CPU
		{F8ED179C-E38B-4EF4-A5E8-52AC1611425E}.Release|Any CPU.ActiveCfg = Release-FX35|Any CPU
		{F8ED179C-E38B-4EF4-A5E8-52AC1611425E}.Release|Any CPU.Build.0 = Release-FX35|Any CPU
		{F8ED179C-E38B-4EF4-A5E8-52AC1611425E}.Release-FX35|Any CPU.ActiveCfg = Release-FX35|Any CPU
		{F8ED179C-E38B-4EF4-A5E8-52AC1611425E}.Release-FX35|Any CPU.Build.0 = Release-FX35|Any CPU
		{F200A67A-D7B5-441B-AB36-69AA5C87577E}.Debug|Any CPU.ActiveCfg = Debug-FX35|Any CPU
		{F200A67A-D7B5-441B-AB36-69AA5C87577E}.Debug|Any CPU.Build.0 = Debug-FX35|Any CPU
		{F200A67A-D7B5-441B-AB36-69AA5C87577E}.Debug-FX35|Any CPU.ActiveCfg = Debug-FX35|Any CPU
		{F200A67A-D7B5-441B-AB36-69AA5C87577E}.Debug-FX35|Any CPU.Build.0 = Debug-FX35|Any CPU
		{F200A67A-D7B5-441B-AB36-69AA5C87577E}.Release|Any CPU.ActiveCfg = Release-FX35|Any CPU
		{F200A67A-D7B5-441B-AB36-69AA5C87577E}.Release|Any CPU.Build.0 = Release-FX35|Any CPU
		{F200A67A-D7B5-441B-AB36-69AA5C87577E}.Release-FX35|Any CPU.ActiveCfg = Release-FX35|Any CPU
		{F200A67A-D7B5-441B-AB36-69AA5C87577E}.Release-FX35|Any CPU.Build.0 = Release-FX35|Any CPU
		{3A021487-A395-4FE6-9B41-336D0F1E6AD0}.Debug|Any CPU.ActiveCfg = Debug-FX35|Any CPU
		{3A021487-A395-4FE6-9B41-336D0F1E6AD0}.Debug|Any CPU.Build.0 = Debug-FX35|Any CPU
		{3A021487-A395-4FE6-9B41-336D0F1E6AD0}.Debug-FX35|Any CPU.ActiveCfg = Debug-FX35|Any CPU
		{3A021487-A395-4FE6-9B41-336D0F1E6AD0}.Debug-FX35|Any CPU.Build.0 = Debug-FX35|Any CPU
		{3A021487-A395-4FE6-9B41-336D0F1E6AD0}.Release|Any CPU.ActiveCfg = Release-FX35|Any CPU
		{3A021487-A395-4FE6-9B41-336D0F1E6AD0}.Release|Any CPU.Build.0 = Release-FX35|Any CPU
		{3A021487-A395-4FE6-9B41-336D0F1E6AD0}.Release-FX35|Any CPU.ActiveCfg = Release-FX35|Any CPU
		{3A021487-A395-4FE6-9B41-336D0F1E6AD0}.Release-FX35|Any CPU.Build.0 = Release-FX35|Any CPU
		{733F8032-D649-4E4C-A23E-4A048C33FCAE}.Debug|Any CPU.ActiveCfg = Debug-FX35|Any CPU
		{733F8032-D649-4E4C-A23E-4A048C33FCAE}.Debug|Any CPU.Build.0 = Debug-FX35|Any CPU
		{733F8032-D649-4E4C-A23E-4A048C33FCAE}.Debug-FX35|Any CPU.ActiveCfg = Debug-FX35|Any CPU
		{733F8032-D649-4E4C-A23E-4A048C33FCAE}.Debug-FX35|Any CPU.Build.0 = Debug-FX35|Any CPU
		{733F8032-D649-4E4C-A23E-4A048C33FCAE}.Release|Any CPU.ActiveCfg = Release-FX35|Any CPU
		{733F8032-D649-4E4C-A23E-4A048C33FCAE}.Release|Any CPU.Build.0 = Release-FX35|Any CPU
		{733F8032-D649-4E4C-A23E-4A048C33FCAE}.Release-FX35|Any CPU.ActiveCfg = Release-FX35|Any CPU
		{733F8032-D649-4E4C-A23E-4A048C33FCAE}.Release-FX35|Any CPU.Build.0 = Release-FX35|Any CPU
	EndGlobalSection
	GlobalSection(SolutionProperties) = preSolution
		HideSolutionNode = FALSE
	EndGlobalSection
EndGlobal
