
Microsoft Visual Studio Solution File, Format Version 11.00
# Visual Studio 2010
Project("{2150E333-8FDC-42A3-9474-1A3956D46DE8}") = "Shared", "Shared", "{0207F747-90FD-486E-86CA-2A3E446A57FD}"
	ProjectSection(SolutionItems) = preProject
		SharedAssemblyInfo.cs = SharedAssemblyInfo.cs
	EndProjectSection
EndProject
Project("{FAE04EC0-301F-11D3-BF4B-00C04F79EFBC}") = "Cassette", "Cassette\Cassette.csproj", "{A5CCF9D3-5D49-4BFC-B9A6-9EC9E0E29C50}"
EndProject
Project("{FAE04EC0-301F-11D3-BF4B-00C04F79EFBC}") = "Cassette.IntegrationTests", "Cassette.IntegrationTests\Cassette.IntegrationTests.csproj", "{5952594E-CED1-4E34-9DA2-5F28453F559E}"
EndProject
Project("{FAE04EC0-301F-11D3-BF4B-00C04F79EFBC}") = "Cassette.MSBuild", "Cassette.MSBuild\Cassette.MSBuild.csproj", "{F8ED179C-E38B-4EF4-A5E8-52AC1611425E}"
EndProject
Project("{FAE04EC0-301F-11D3-BF4B-00C04F79EFBC}") = "Cassette.UnitTests", "Cassette.UnitTests\Cassette.UnitTests.csproj", "{F200A67A-D7B5-441B-AB36-69AA5C87577E}"
EndProject
Project("{FAE04EC0-301F-11D3-BF4B-00C04F79EFBC}") = "Cassette.Views", "Cassette.Views\Cassette.Views.csproj", "{3A021487-A395-4FE6-9B41-336D0F1E6AD0}"
EndProject
Project("{FAE04EC0-301F-11D3-BF4B-00C04F79EFBC}") = "Cassette.Web", "Cassette.Web\Cassette.Web.csproj", "{733F8032-D649-4E4C-A23E-4A048C33FCAE}"
EndProject
Project("{FAE04EC0-301F-11D3-BF4B-00C04F79EFBC}") = "Cassette.Less", "Cassette.Less\Cassette.Less.csproj", "{EC1BE4F4-A2A7-4154-9F4D-F75D1B1FD976}"
EndProject
Project("{FAE04EC0-301F-11D3-BF4B-00C04F79EFBC}") = "Cassette.CoffeeScript", "Cassette.CoffeeScript\Cassette.CoffeeScript.csproj", "{C9A552DA-83EB-4479-BAB6-C40B6091E3D4}"
EndProject
Project("{FAE04EC0-301F-11D3-BF4B-00C04F79EFBC}") = "Cassette.Hogan", "Cassette.Hogan\Cassette.Hogan.csproj", "{4D64EC45-C42A-4601-9E80-2D166AC849F3}"
EndProject
Project("{FAE04EC0-301F-11D3-BF4B-00C04F79EFBC}") = "Cassette.JQueryTmpl", "Cassette.JQueryTmpl\Cassette.JQueryTmpl.csproj", "{5B4D49A1-D849-43E3-8701-9CD56DC533BC}"
EndProject
Project("{FAE04EC0-301F-11D3-BF4B-00C04F79EFBC}") = "Cassette.KnockoutJQueryTmpl", "Cassette.KnockoutJQueryTmpl\Cassette.KnockoutJQueryTmpl.csproj", "{C38D3ED4-367B-42E6-97A3-B8403DB528FF}"
EndProject
Project("{FAE04EC0-301F-11D3-BF4B-00C04F79EFBC}") = "Cassette.CoffeeScript.UnitTests", "Cassette.CoffeeScript.UnitTests\Cassette.CoffeeScript.UnitTests.csproj", "{FC7BD8AA-A175-4E25-A8B2-10CCB8F46503}"
EndProject
Project("{FAE04EC0-301F-11D3-BF4B-00C04F79EFBC}") = "Cassette.Less.UnitTests", "Cassette.Less.UnitTests\Cassette.Less.UnitTests.csproj", "{8DEA25D9-66FF-42AD-A1A2-1FE423A2B04B}"
EndProject
Global
	GlobalSection(SolutionConfigurationPlatforms) = preSolution
		Debug|Any CPU = Debug|Any CPU
		Debug-FX35|Any CPU = Debug-FX35|Any CPU
		Release|Any CPU = Release|Any CPU
		Release-FX35|Any CPU = Release-FX35|Any CPU
	EndGlobalSection
	GlobalSection(ProjectConfigurationPlatforms) = postSolution
		{A5CCF9D3-5D49-4BFC-B9A6-9EC9E0E29C50}.Debug|Any CPU.ActiveCfg = Debug-FX35|Any CPU
		{A5CCF9D3-5D49-4BFC-B9A6-9EC9E0E29C50}.Debug|Any CPU.Build.0 = Debug-FX35|Any CPU
		{A5CCF9D3-5D49-4BFC-B9A6-9EC9E0E29C50}.Debug-FX35|Any CPU.ActiveCfg = Debug-FX35|Any CPU
		{A5CCF9D3-5D49-4BFC-B9A6-9EC9E0E29C50}.Debug-FX35|Any CPU.Build.0 = Debug-FX35|Any CPU
		{A5CCF9D3-5D49-4BFC-B9A6-9EC9E0E29C50}.Release|Any CPU.ActiveCfg = Release-FX35|Any CPU
		{A5CCF9D3-5D49-4BFC-B9A6-9EC9E0E29C50}.Release|Any CPU.Build.0 = Release-FX35|Any CPU
		{A5CCF9D3-5D49-4BFC-B9A6-9EC9E0E29C50}.Release-FX35|Any CPU.ActiveCfg = Release-FX35|Any CPU
		{A5CCF9D3-5D49-4BFC-B9A6-9EC9E0E29C50}.Release-FX35|Any CPU.Build.0 = Release-FX35|Any CPU
		{5952594E-CED1-4E34-9DA2-5F28453F559E}.Debug|Any CPU.ActiveCfg = Debug-FX35|Any CPU
		{5952594E-CED1-4E34-9DA2-5F28453F559E}.Debug|Any CPU.Build.0 = Debug-FX35|Any CPU
		{5952594E-CED1-4E34-9DA2-5F28453F559E}.Debug-FX35|Any CPU.ActiveCfg = Debug-FX35|Any CPU
		{5952594E-CED1-4E34-9DA2-5F28453F559E}.Debug-FX35|Any CPU.Build.0 = Debug-FX35|Any CPU
		{5952594E-CED1-4E34-9DA2-5F28453F559E}.Release|Any CPU.ActiveCfg = Release-FX35|Any CPU
		{5952594E-CED1-4E34-9DA2-5F28453F559E}.Release|Any CPU.Build.0 = Release-FX35|Any CPU
		{5952594E-CED1-4E34-9DA2-5F28453F559E}.Release-FX35|Any CPU.ActiveCfg = Release-FX35|Any CPU
		{5952594E-CED1-4E34-9DA2-5F28453F559E}.Release-FX35|Any CPU.Build.0 = Release-FX35|Any CPU
		{F8ED179C-E38B-4EF4-A5E8-52AC1611425E}.Debug|Any CPU.ActiveCfg = Debug-FX35|Any CPU
		{F8ED179C-E38B-4EF4-A5E8-52AC1611425E}.Debug|Any CPU.Build.0 = Debug-FX35|Any CPU
		{F8ED179C-E38B-4EF4-A5E8-52AC1611425E}.Debug-FX35|Any CPU.ActiveCfg = Debug-FX35|Any CPU
		{F8ED179C-E38B-4EF4-A5E8-52AC1611425E}.Debug-FX35|Any CPU.Build.0 = Debug-FX35|Any CPU
		{F8ED179C-E38B-4EF4-A5E8-52AC1611425E}.Release|Any CPU.ActiveCfg = Release-FX35|Any CPU
		{F8ED179C-E38B-4EF4-A5E8-52AC1611425E}.Release|Any CPU.Build.0 = Release-FX35|Any CPU
		{F8ED179C-E38B-4EF4-A5E8-52AC1611425E}.Release-FX35|Any CPU.ActiveCfg = Release-FX35|Any CPU
		{F8ED179C-E38B-4EF4-A5E8-52AC1611425E}.Release-FX35|Any CPU.Build.0 = Release-FX35|Any CPU
		{F200A67A-D7B5-441B-AB36-69AA5C87577E}.Debug|Any CPU.ActiveCfg = Debug-FX35|Any CPU
		{F200A67A-D7B5-441B-AB36-69AA5C87577E}.Debug|Any CPU.Build.0 = Debug-FX35|Any CPU
		{F200A67A-D7B5-441B-AB36-69AA5C87577E}.Debug-FX35|Any CPU.ActiveCfg = Debug-FX35|Any CPU
		{F200A67A-D7B5-441B-AB36-69AA5C87577E}.Debug-FX35|Any CPU.Build.0 = Debug-FX35|Any CPU
		{F200A67A-D7B5-441B-AB36-69AA5C87577E}.Release|Any CPU.ActiveCfg = Release-FX35|Any CPU
		{F200A67A-D7B5-441B-AB36-69AA5C87577E}.Release|Any CPU.Build.0 = Release-FX35|Any CPU
		{F200A67A-D7B5-441B-AB36-69AA5C87577E}.Release-FX35|Any CPU.ActiveCfg = Release-FX35|Any CPU
		{F200A67A-D7B5-441B-AB36-69AA5C87577E}.Release-FX35|Any CPU.Build.0 = Release-FX35|Any CPU
		{3A021487-A395-4FE6-9B41-336D0F1E6AD0}.Debug|Any CPU.ActiveCfg = Debug-FX35|Any CPU
		{3A021487-A395-4FE6-9B41-336D0F1E6AD0}.Debug|Any CPU.Build.0 = Debug-FX35|Any CPU
		{3A021487-A395-4FE6-9B41-336D0F1E6AD0}.Debug-FX35|Any CPU.ActiveCfg = Debug-FX35|Any CPU
		{3A021487-A395-4FE6-9B41-336D0F1E6AD0}.Debug-FX35|Any CPU.Build.0 = Debug-FX35|Any CPU
		{3A021487-A395-4FE6-9B41-336D0F1E6AD0}.Release|Any CPU.ActiveCfg = Release-FX35|Any CPU
		{3A021487-A395-4FE6-9B41-336D0F1E6AD0}.Release|Any CPU.Build.0 = Release-FX35|Any CPU
		{3A021487-A395-4FE6-9B41-336D0F1E6AD0}.Release-FX35|Any CPU.ActiveCfg = Release-FX35|Any CPU
		{3A021487-A395-4FE6-9B41-336D0F1E6AD0}.Release-FX35|Any CPU.Build.0 = Release-FX35|Any CPU
		{733F8032-D649-4E4C-A23E-4A048C33FCAE}.Debug|Any CPU.ActiveCfg = Debug-FX35|Any CPU
		{733F8032-D649-4E4C-A23E-4A048C33FCAE}.Debug|Any CPU.Build.0 = Debug-FX35|Any CPU
		{733F8032-D649-4E4C-A23E-4A048C33FCAE}.Debug-FX35|Any CPU.ActiveCfg = Debug-FX35|Any CPU
		{733F8032-D649-4E4C-A23E-4A048C33FCAE}.Debug-FX35|Any CPU.Build.0 = Debug-FX35|Any CPU
		{733F8032-D649-4E4C-A23E-4A048C33FCAE}.Release|Any CPU.ActiveCfg = Release-FX35|Any CPU
		{733F8032-D649-4E4C-A23E-4A048C33FCAE}.Release|Any CPU.Build.0 = Release-FX35|Any CPU
		{733F8032-D649-4E4C-A23E-4A048C33FCAE}.Release-FX35|Any CPU.ActiveCfg = Release-FX35|Any CPU
		{733F8032-D649-4E4C-A23E-4A048C33FCAE}.Release-FX35|Any CPU.Build.0 = Release-FX35|Any CPU
		{EC1BE4F4-A2A7-4154-9F4D-F75D1B1FD976}.Debug|Any CPU.ActiveCfg = Debug|Any CPU
		{EC1BE4F4-A2A7-4154-9F4D-F75D1B1FD976}.Debug|Any CPU.Build.0 = Debug|Any CPU
		{EC1BE4F4-A2A7-4154-9F4D-F75D1B1FD976}.Debug-FX35|Any CPU.ActiveCfg = Debug-FX35|Any CPU
		{EC1BE4F4-A2A7-4154-9F4D-F75D1B1FD976}.Debug-FX35|Any CPU.Build.0 = Debug-FX35|Any CPU
		{EC1BE4F4-A2A7-4154-9F4D-F75D1B1FD976}.Release|Any CPU.ActiveCfg = Release|Any CPU
		{EC1BE4F4-A2A7-4154-9F4D-F75D1B1FD976}.Release|Any CPU.Build.0 = Release|Any CPU
		{EC1BE4F4-A2A7-4154-9F4D-F75D1B1FD976}.Release-FX35|Any CPU.ActiveCfg = Release-FX35|Any CPU
		{EC1BE4F4-A2A7-4154-9F4D-F75D1B1FD976}.Release-FX35|Any CPU.Build.0 = Release-FX35|Any CPU
		{C9A552DA-83EB-4479-BAB6-C40B6091E3D4}.Debug|Any CPU.ActiveCfg = Debug|Any CPU
		{C9A552DA-83EB-4479-BAB6-C40B6091E3D4}.Debug|Any CPU.Build.0 = Debug|Any CPU
		{C9A552DA-83EB-4479-BAB6-C40B6091E3D4}.Debug-FX35|Any CPU.ActiveCfg = Debug-FX35|Any CPU
		{C9A552DA-83EB-4479-BAB6-C40B6091E3D4}.Debug-FX35|Any CPU.Build.0 = Debug-FX35|Any CPU
		{C9A552DA-83EB-4479-BAB6-C40B6091E3D4}.Release|Any CPU.ActiveCfg = Release|Any CPU
		{C9A552DA-83EB-4479-BAB6-C40B6091E3D4}.Release|Any CPU.Build.0 = Release|Any CPU
		{C9A552DA-83EB-4479-BAB6-C40B6091E3D4}.Release-FX35|Any CPU.ActiveCfg = Release-FX35|Any CPU
		{C9A552DA-83EB-4479-BAB6-C40B6091E3D4}.Release-FX35|Any CPU.Build.0 = Release-FX35|Any CPU
		{4D64EC45-C42A-4601-9E80-2D166AC849F3}.Debug|Any CPU.ActiveCfg = Debug|Any CPU
		{4D64EC45-C42A-4601-9E80-2D166AC849F3}.Debug|Any CPU.Build.0 = Debug|Any CPU
		{4D64EC45-C42A-4601-9E80-2D166AC849F3}.Debug-FX35|Any CPU.ActiveCfg = Debug-FX35|Any CPU
		{4D64EC45-C42A-4601-9E80-2D166AC849F3}.Debug-FX35|Any CPU.Build.0 = Debug-FX35|Any CPU
		{4D64EC45-C42A-4601-9E80-2D166AC849F3}.Release|Any CPU.ActiveCfg = Release|Any CPU
		{4D64EC45-C42A-4601-9E80-2D166AC849F3}.Release|Any CPU.Build.0 = Release|Any CPU
		{4D64EC45-C42A-4601-9E80-2D166AC849F3}.Release-FX35|Any CPU.ActiveCfg = Release-FX35|Any CPU
		{4D64EC45-C42A-4601-9E80-2D166AC849F3}.Release-FX35|Any CPU.Build.0 = Release-FX35|Any CPU
		{5B4D49A1-D849-43E3-8701-9CD56DC533BC}.Debug|Any CPU.ActiveCfg = Debug|Any CPU
		{5B4D49A1-D849-43E3-8701-9CD56DC533BC}.Debug|Any CPU.Build.0 = Debug|Any CPU
		{5B4D49A1-D849-43E3-8701-9CD56DC533BC}.Debug-FX35|Any CPU.ActiveCfg = Debug-FX35|Any CPU
		{5B4D49A1-D849-43E3-8701-9CD56DC533BC}.Debug-FX35|Any CPU.Build.0 = Debug-FX35|Any CPU
		{5B4D49A1-D849-43E3-8701-9CD56DC533BC}.Release|Any CPU.ActiveCfg = Release|Any CPU
		{5B4D49A1-D849-43E3-8701-9CD56DC533BC}.Release|Any CPU.Build.0 = Release|Any CPU
		{5B4D49A1-D849-43E3-8701-9CD56DC533BC}.Release-FX35|Any CPU.ActiveCfg = Release-FX35|Any CPU
		{5B4D49A1-D849-43E3-8701-9CD56DC533BC}.Release-FX35|Any CPU.Build.0 = Release-FX35|Any CPU
		{C38D3ED4-367B-42E6-97A3-B8403DB528FF}.Debug|Any CPU.ActiveCfg = Debug|Any CPU
		{C38D3ED4-367B-42E6-97A3-B8403DB528FF}.Debug|Any CPU.Build.0 = Debug|Any CPU
		{C38D3ED4-367B-42E6-97A3-B8403DB528FF}.Debug-FX35|Any CPU.ActiveCfg = Debug-FX35|Any CPU
		{C38D3ED4-367B-42E6-97A3-B8403DB528FF}.Debug-FX35|Any CPU.Build.0 = Debug-FX35|Any CPU
		{C38D3ED4-367B-42E6-97A3-B8403DB528FF}.Release|Any CPU.ActiveCfg = Release|Any CPU
		{C38D3ED4-367B-42E6-97A3-B8403DB528FF}.Release|Any CPU.Build.0 = Release|Any CPU
		{C38D3ED4-367B-42E6-97A3-B8403DB528FF}.Release-FX35|Any CPU.ActiveCfg = Release-FX35|Any CPU
		{C38D3ED4-367B-42E6-97A3-B8403DB528FF}.Release-FX35|Any CPU.Build.0 = Release-FX35|Any CPU
		{FC7BD8AA-A175-4E25-A8B2-10CCB8F46503}.Debug|Any CPU.ActiveCfg = Debug|Any CPU
		{FC7BD8AA-A175-4E25-A8B2-10CCB8F46503}.Debug|Any CPU.Build.0 = Debug|Any CPU
		{FC7BD8AA-A175-4E25-A8B2-10CCB8F46503}.Debug-FX35|Any CPU.ActiveCfg = Debug-FX35|Any CPU
		{FC7BD8AA-A175-4E25-A8B2-10CCB8F46503}.Debug-FX35|Any CPU.Build.0 = Debug-FX35|Any CPU
		{FC7BD8AA-A175-4E25-A8B2-10CCB8F46503}.Release|Any CPU.ActiveCfg = Release|Any CPU
		{FC7BD8AA-A175-4E25-A8B2-10CCB8F46503}.Release|Any CPU.Build.0 = Release|Any CPU
		{FC7BD8AA-A175-4E25-A8B2-10CCB8F46503}.Release-FX35|Any CPU.ActiveCfg = Release-FX35|Any CPU
		{FC7BD8AA-A175-4E25-A8B2-10CCB8F46503}.Release-FX35|Any CPU.Build.0 = Release-FX35|Any CPU
		{8DEA25D9-66FF-42AD-A1A2-1FE423A2B04B}.Debug|Any CPU.ActiveCfg = Debug|Any CPU
		{8DEA25D9-66FF-42AD-A1A2-1FE423A2B04B}.Debug|Any CPU.Build.0 = Debug|Any CPU
		{8DEA25D9-66FF-42AD-A1A2-1FE423A2B04B}.Debug-FX35|Any CPU.ActiveCfg = Debug-FX35|Any CPU
		{8DEA25D9-66FF-42AD-A1A2-1FE423A2B04B}.Debug-FX35|Any CPU.Build.0 = Debug-FX35|Any CPU
		{8DEA25D9-66FF-42AD-A1A2-1FE423A2B04B}.Release|Any CPU.ActiveCfg = Release|Any CPU
		{8DEA25D9-66FF-42AD-A1A2-1FE423A2B04B}.Release|Any CPU.Build.0 = Release|Any CPU
		{8DEA25D9-66FF-42AD-A1A2-1FE423A2B04B}.Release-FX35|Any CPU.ActiveCfg = Release-FX35|Any CPU
		{8DEA25D9-66FF-42AD-A1A2-1FE423A2B04B}.Release-FX35|Any CPU.Build.0 = Release-FX35|Any CPU
	EndGlobalSection
	GlobalSection(SolutionProperties) = preSolution
		HideSolutionNode = FALSE
	EndGlobalSection
EndGlobal
